// !$*UTF8*$!
{
	archiveVersion = 1;
	classes = {
	};
	objectVersion = 50;
	objects = {

/* Begin PBXBuildFile section */
		CF4F870F2C13644F004EAB1B /* AppDelegate.swift in Sources */ = {isa = PBXBuildFile; fileRef = CF4F870E2C13644F004EAB1B /* AppDelegate.swift */; };
		CF4F87112C13644F004EAB1B /* SceneDelegate.swift in Sources */ = {isa = PBXBuildFile; fileRef = CF4F87102C13644F004EAB1B /* SceneDelegate.swift */; };
		CF4F87132C13644F004EAB1B /* ContentView.swift in Sources */ = {isa = PBXBuildFile; fileRef = CF4F87122C13644F004EAB1B /* ContentView.swift */; };
		CF4F87152C136451004EAB1B /* Assets.xcassets in Resources */ = {isa = PBXBuildFile; fileRef = CF4F87142C136451004EAB1B /* Assets.xcassets */; };
		CF4F87182C136451004EAB1B /* Preview Assets.xcassets in Resources */ = {isa = PBXBuildFile; fileRef = CF4F87172C136451004EAB1B /* Preview Assets.xcassets */; };
		CF4F871B2C136451004EAB1B /* LaunchScreen.storyboard in Resources */ = {isa = PBXBuildFile; fileRef = CF4F87192C136451004EAB1B /* LaunchScreen.storyboard */; };
/* End PBXBuildFile section */

/* Begin PBXFileReference section */
		CF4F870B2C13644F004EAB1B /* appSwiftUINavigationView.app */ = {isa = PBXFileReference; explicitFileType = wrapper.application; includeInIndex = 0; path = appSwiftUINavigationView.app; sourceTree = BUILT_PRODUCTS_DIR; };
		CF4F870E2C13644F004EAB1B /* AppDelegate.swift */ = {isa = PBXFileReference; lastKnownFileType = sourcecode.swift; path = AppDelegate.swift; sourceTree = "<group>"; };
		CF4F87102C13644F004EAB1B /* SceneDelegate.swift */ = {isa = PBXFileReference; lastKnownFileType = sourcecode.swift; path = SceneDelegate.swift; sourceTree = "<group>"; };
		CF4F87122C13644F004EAB1B /* ContentView.swift */ = {isa = PBXFileReference; lastKnownFileType = sourcecode.swift; path = ContentView.swift; sourceTree = "<group>"; };
		CF4F87142C136451004EAB1B /* Assets.xcassets */ = {isa = PBXFileReference; lastKnownFileType = folder.assetcatalog; path = Assets.xcassets; sourceTree = "<group>"; };
		CF4F87172C136451004EAB1B /* Preview Assets.xcassets */ = {isa = PBXFileReference; lastKnownFileType = folder.assetcatalog; path = "Preview Assets.xcassets"; sourceTree = "<group>"; };
		CF4F871A2C136451004EAB1B /* Base */ = {isa = PBXFileReference; lastKnownFileType = file.storyboard; name = Base; path = Base.lproj/LaunchScreen.storyboard; sourceTree = "<group>"; };
		CF4F871C2C136451004EAB1B /* Info.plist */ = {isa = PBXFileReference; lastKnownFileType = text.plist.xml; path = Info.plist; sourceTree = "<group>"; };
/* End PBXFileReference section */

/* Begin PBXFrameworksBuildPhase section */
		CF4F87082C13644F004EAB1B /* Frameworks */ = {
			isa = PBXFrameworksBuildPhase;
			buildActionMask = 2147483647;
			files = (
			);
			runOnlyForDeploymentPostprocessing = 0;
		};
/* End PBXFrameworksBuildPhase section */

/* Begin PBXGroup section */
		CF4F87022C13644F004EAB1B = {
			isa = PBXGroup;
			children = (
				CF4F870D2C13644F004EAB1B /* appSwiftUINavigationView */,
				CF4F870C2C13644F004EAB1B /* Products */,
			);
			sourceTree = "<group>";
		};
		CF4F870C2C13644F004EAB1B /* Products */ = {
			isa = PBXGroup;
			children = (
				CF4F870B2C13644F004EAB1B /* appSwiftUINavigationView.app */,
			);
			name = Products;
			sourceTree = "<group>";
		};
		CF4F870D2C13644F004EAB1B /* appSwiftUINavigationView */ = {
			isa = PBXGroup;
			children = (
				CF4F870E2C13644F004EAB1B /* AppDelegate.swift */,
				CF4F87102C13644F004EAB1B /* SceneDelegate.swift */,
				CF4F87122C13644F004EAB1B /* ContentView.swift */,
				CF4F87142C136451004EAB1B /* Assets.xcassets */,
				CF4F87192C136451004EAB1B /* LaunchScreen.storyboard */,
				CF4F871C2C136451004EAB1B /* Info.plist */,
				CF4F87162C136451004EAB1B /* Preview Content */,
			);
			path = appSwiftUINavigationView;
			sourceTree = "<group>";
		};
		CF4F87162C136451004EAB1B /* Preview Content */ = {
			isa = PBXGroup;
			children = (
				CF4F87172C136451004EAB1B /* Preview Assets.xcassets */,
			);
			path = "Preview Content";
			sourceTree = "<group>";
		};
/* End PBXGroup section */

/* Begin PBXNativeTarget section */
		CF4F870A2C13644F004EAB1B /* appSwiftUINavigationView */ = {
			isa = PBXNativeTarget;
			buildConfigurationList = CF4F871F2C136451004EAB1B /* Build configuration list for PBXNativeTarget "appSwiftUINavigationView" */;
			buildPhases = (
				CF4F87072C13644F004EAB1B /* Sources */,
				CF4F87082C13644F004EAB1B /* Frameworks */,
				CF4F87092C13644F004EAB1B /* Resources */,
			);
			buildRules = (
			);
			dependencies = (
			);
			name = appSwiftUINavigationView;
			productName = appSwiftUINavigationView;
			productReference = CF4F870B2C13644F004EAB1B /* appSwiftUINavigationView.app */;
			productType = "com.apple.product-type.application";
		};
/* End PBXNativeTarget section */

/* Begin PBXProject section */
		CF4F87032C13644F004EAB1B /* Project object */ = {
			isa = PBXProject;
			attributes = {
				LastSwiftUpdateCheck = 1240;
				LastUpgradeCheck = 1240;
				TargetAttributes = {
					CF4F870A2C13644F004EAB1B = {
						CreatedOnToolsVersion = 12.4;
					};
				};
			};
			buildConfigurationList = CF4F87062C13644F004EAB1B /* Build configuration list for PBXProject "appSwiftUINavigationView" */;
			compatibilityVersion = "Xcode 9.3";
			developmentRegion = en;
			hasScannedForEncodings = 0;
			knownRegions = (
				en,
				Base,
			);
			mainGroup = CF4F87022C13644F004EAB1B;
			productRefGroup = CF4F870C2C13644F004EAB1B /* Products */;
			projectDirPath = "";
			projectRoot = "";
			targets = (
				CF4F870A2C13644F004EAB1B /* appSwiftUINavigationView */,
			);
		};
/* End PBXProject section */

/* Begin PBXResourcesBuildPhase section */
		CF4F87092C13644F004EAB1B /* Resources */ = {
			isa = PBXResourcesBuildPhase;
			buildActionMask = 2147483647;
			files = (
				CF4F871B2C136451004EAB1B /* LaunchScreen.storyboard in Resources */,
				CF4F87182C136451004EAB1B /* Preview Assets.xcassets in Resources */,
				CF4F87152C136451004EAB1B /* Assets.xcassets in Resources */,
			);
			runOnlyForDeploymentPostprocessing = 0;
		};
/* End PBXResourcesBuildPhase section */

/* Begin PBXSourcesBuildPhase section */
		CF4F87072C13644F004EAB1B /* Sources */ = {
			isa = PBXSourcesBuildPhase;
			buildActionMask = 2147483647;
			files = (
				CF4F870F2C13644F004EAB1B /* AppDelegate.swift in Sources */,
				CF4F87112C13644F004EAB1B /* SceneDelegate.swift in Sources */,
				CF4F87132C13644F004EAB1B /* ContentView.swift in Sources */,
			);
			runOnlyForDeploymentPostprocessing = 0;
		};
/* End PBXSourcesBuildPhase section */

/* Begin PBXVariantGroup section */
		CF4F87192C136451004EAB1B /* LaunchScreen.storyboard */ = {
			isa = PBXVariantGroup;
			children = (
				CF4F871A2C136451004EAB1B /* Base */,
			);
			name = LaunchScreen.storyboard;
			sourceTree = "<group>";
		};
/* End PBXVariantGroup section */

/* Begin XCBuildConfiguration section */
		CF4F871D2C136451004EAB1B /* Debug */ = {
			isa = XCBuildConfiguration;
			buildSettings = {
				ALWAYS_SEARCH_USER_PATHS = NO;
				CLANG_ANALYZER_NONNULL = YES;
				CLANG_ANALYZER_NUMBER_OBJECT_CONVERSION = YES_AGGRESSIVE;
				CLANG_CXX_LANGUAGE_STANDARD = "gnu++14";
				CLANG_CXX_LIBRARY = "libc++";
				CLANG_ENABLE_MODULES = YES;
				CLANG_ENABLE_OBJC_ARC = YES;
				CLANG_ENABLE_OBJC_WEAK = YES;
				CLANG_WARN_BLOCK_CAPTURE_AUTORELEASING = YES;
				CLANG_WARN_BOOL_CONVERSION = YES;
				CLANG_WARN_COMMA = YES;
				CLANG_WARN_CONSTANT_CONVERSION = YES;
				CLANG_WARN_DEPRECATED_OBJC_IMPLEMENTATIONS = YES;
				CLANG_WARN_DIRECT_OBJC_ISA_USAGE = YES_ERROR;
				CLANG_WARN_DOCUMENTATION_COMMENTS = YES;
				CLANG_WARN_EMPTY_BODY = YES;
				CLANG_WARN_ENUM_CONVERSION = YES;
				CLANG_WARN_INFINITE_RECURSION = YES;
				CLANG_WARN_INT_CONVERSION = YES;
				CLANG_WARN_NON_LITERAL_NULL_CONVERSION = YES;
				CLANG_WARN_OBJC_IMPLICIT_RETAIN_SELF = YES;
				CLANG_WARN_OBJC_LITERAL_CONVERSION = YES;
				CLANG_WARN_OBJC_ROOT_CLASS = YES_ERROR;
				CLANG_WARN_QUOTED_INCLUDE_IN_FRAMEWORK_HEADER = YES;
				CLANG_WARN_RANGE_LOOP_ANALYSIS = YES;
				CLANG_WARN_STRICT_PROTOTYPES = YES;
				CLANG_WARN_SUSPICIOUS_MOVE = YES;
				CLANG_WARN_UNGUARDED_AVAILABILITY = YES_AGGRESSIVE;
				CLANG_WARN_UNREACHABLE_CODE = YES;
				CLANG_WARN__DUPLICATE_METHOD_MATCH = YES;
				COPY_PHASE_STRIP = NO;
				DEBUG_INFORMATION_FORMAT = dwarf;
				ENABLE_STRICT_OBJC_MSGSEND = YES;
				ENABLE_TESTABILITY = YES;
				GCC_C_LANGUAGE_STANDARD = gnu11;
				GCC_DYNAMIC_NO_PIC = NO;
				GCC_NO_COMMON_BLOCKS = YES;
				GCC_OPTIMIZATION_LEVEL = 0;
				GCC_PREPROCESSOR_DEFINITIONS = (
					"DEBUG=1",
					"$(inherited)",
				);
				GCC_WARN_64_TO_32_BIT_CONVERSION = YES;
				GCC_WARN_ABOUT_RETURN_TYPE = YES_ERROR;
				GCC_WARN_UNDECLARED_SELECTOR = YES;
				GCC_WARN_UNINITIALIZED_AUTOS = YES_AGGRESSIVE;
				GCC_WARN_UNUSED_FUNCTION = YES;
				GCC_WARN_UNUSED_VARIABLE = YES;
				IPHONEOS_DEPLOYMENT_TARGET = 14.4;
				MTL_ENABLE_DEBUG_INFO = INCLUDE_SOURCE;
				MTL_FAST_MATH = YES;
				ONLY_ACTIVE_ARCH = YES;
				SDKROOT = iphoneos;
				SWIFT_ACTIVE_COMPILATION_CONDITIONS = DEBUG;
				SWIFT_OPTIMIZATION_LEVEL = "-Onone";
			};
			name = Debug;
		};
		CF4F871E2C136451004EAB1B /* Release */ = {
			isa = XCBuildConfiguration;
			buildSettings = {
				ALWAYS_SEARCH_USER_PATHS = NO;
				CLANG_ANALYZER_NONNULL = YES;
				CLANG_ANALYZER_NUMBER_OBJECT_CONVERSION = YES_AGGRESSIVE;
				CLANG_CXX_LANGUAGE_STANDARD = "gnu++14";
				CLANG_CXX_LIBRARY = "libc++";
				CLANG_ENABLE_MODULES = YES;
				CLANG_ENABLE_OBJC_ARC = YES;
				CLANG_ENABLE_OBJC_WEAK = YES;
				CLANG_WARN_BLOCK_CAPTURE_AUTORELEASING = YES;
				CLANG_WARN_BOOL_CONVERSION = YES;
				CLANG_WARN_COMMA = YES;
				CLANG_WARN_CONSTANT_CONVERSION = YES;
				CLANG_WARN_DEPRECATED_OBJC_IMPLEMENTATIONS = YES;
				CLANG_WARN_DIRECT_OBJC_ISA_USAGE = YES_ERROR;
				CLANG_WARN_DOCUMENTATION_COMMENTS = YES;
				CLANG_WARN_EMPTY_BODY = YES;
				CLANG_WARN_ENUM_CONVERSION = YES;
				CLANG_WARN_INFINITE_RECURSION = YES;
				CLANG_WARN_INT_CONVERSION = YES;
				CLANG_WARN_NON_LITERAL_NULL_CONVERSION = YES;
				CLANG_WARN_OBJC_IMPLICIT_RETAIN_SELF = YES;
				CLANG_WARN_OBJC_LITERAL_CONVERSION = YES;
				CLANG_WARN_OBJC_ROOT_CLASS = YES_ERROR;
				CLANG_WARN_QUOTED_INCLUDE_IN_FRAMEWORK_HEADER = YES;
				CLANG_WARN_RANGE_LOOP_ANALYSIS = YES;
				CLANG_WARN_STRICT_PROTOTYPES = YES;
				CLANG_WARN_SUSPICIOUS_MOVE = YES;
				CLANG_WARN_UNGUARDED_AVAILABILITY = YES_AGGRESSIVE;
				CLANG_WARN_UNREACHABLE_CODE = YES;
				CLANG_WARN__DUPLICATE_METHOD_MATCH = YES;
				COPY_PHASE_STRIP = NO;
				DEBUG_INFORMATION_FORMAT = "dwarf-with-dsym";
				ENABLE_NS_ASSERTIONS = NO;
				ENABLE_STRICT_OBJC_MSGSEND = YES;
				GCC_C_LANGUAGE_STANDARD = gnu11;
				GCC_NO_COMMON_BLOCKS = YES;
				GCC_WARN_64_TO_32_BIT_CONVERSION = YES;
				GCC_WARN_ABOUT_RETURN_TYPE = YES_ERROR;
				GCC_WARN_UNDECLARED_SELECTOR = YES;
				GCC_WARN_UNINITIALIZED_AUTOS = YES_AGGRESSIVE;
				GCC_WARN_UNUSED_FUNCTION = YES;
				GCC_WARN_UNUSED_VARIABLE = YES;
				IPHONEOS_DEPLOYMENT_TARGET = 14.4;
				MTL_ENABLE_DEBUG_INFO = NO;
				MTL_FAST_MATH = YES;
				SDKROOT = iphoneos;
				SWIFT_COMPILATION_MODE = wholemodule;
				SWIFT_OPTIMIZATION_LEVEL = "-O";
				VALIDATE_PRODUCT = YES;
			};
			name = Release;
		};
		CF4F87202C136451004EAB1B /* Debug */ = {
			isa = XCBuildConfiguration;
			buildSettings = {
				ASSETCATALOG_COMPILER_APPICON_NAME = AppIcon;
				ASSETCATALOG_COMPILER_GLOBAL_ACCENT_COLOR_NAME = AccentColor;
				CODE_SIGN_STYLE = Automatic;
				DEVELOPMENT_ASSET_PATHS = "\"appSwiftUINavigationView/Preview Content\"";
				DEVELOPMENT_TEAM = 3M6X6879RS;
				ENABLE_PREVIEWS = YES;
				INFOPLIST_FILE = appSwiftUINavigationView/Info.plist;
				LD_RUNPATH_SEARCH_PATHS = (
					"$(inherited)",
					"@executable_path/Frameworks",
				);
				PRODUCT_BUNDLE_IDENTIFIER = jorgec.appSwiftUINavigationView;
				PRODUCT_NAME = "$(TARGET_NAME)";
				SWIFT_VERSION = 5.0;
				TARGETED_DEVICE_FAMILY = "1,2";
			};
			name = Debug;
		};
		CF4F87212C136451004EAB1B /* Release */ = {
			isa = XCBuildConfiguration;
			buildSettings = {
				ASSETCATALOG_COMPILER_APPICON_NAME = AppIcon;
				ASSETCATALOG_COMPILER_GLOBAL_ACCENT_COLOR_NAME = AccentColor;
				CODE_SIGN_STYLE = Automatic;
				DEVELOPMENT_ASSET_PATHS = "\"appSwiftUINavigationView/Preview Content\"";
				DEVELOPMENT_TEAM = 3M6X6879RS;
				ENABLE_PREVIEWS = YES;
				INFOPLIST_FILE = appSwiftUINavigationView/Info.plist;
				LD_RUNPATH_SEARCH_PATHS = (
					"$(inherited)",
					"@executable_path/Frameworks",
				);
				PRODUCT_BUNDLE_IDENTIFIER = jorgec.appSwiftUINavigationView;
				PRODUCT_NAME = "$(TARGET_NAME)";
				SWIFT_VERSION = 5.0;
				TARGETED_DEVICE_FAMILY = "1,2";
			};
			name = Release;
		};
/* End XCBuildConfiguration section */

/* Begin XCConfigurationList section */
		CF4F87062C13644F004EAB1B /* Build configuration list for PBXProject "appSwiftUINavigationView" */ = {
			isa = XCConfigurationList;
			buildConfigurations = (
				CF4F871D2C136451004EAB1B /* Debug */,
				CF4F871E2C136451004EAB1B /* Release */,
			);
			defaultConfigurationIsVisible = 0;
			defaultConfigurationName = Release;
		};
		CF4F871F2C136451004EAB1B /* Build configuration list for PBXNativeTarget "appSwiftUINavigationView" */ = {
			isa = XCConfigurationList;
			buildConfigurations = (
				CF4F87202C136451004EAB1B /* Debug */,
				CF4F87212C136451004EAB1B /* Release */,
			);
			defaultConfigurationIsVisible = 0;
			defaultConfigurationName = Release;
		};
/* End XCConfigurationList section */
	};
	rootObject = CF4F87032C13644F004EAB1B /* Project object */;
}
