// !$*UTF8*$!
{
	archiveVersion = 1;
	classes = {
	};
	objectVersion = 50;
	objects = {

/* Begin PBXBuildFile section */
		CF4A118A2C06353D0007A175 /* AppDelegate.swift in Sources */ = {isa = PBXBuildFile; fileRef = CF4A11892C06353D0007A175 /* AppDelegate.swift */; };
		CF4A118C2C06353D0007A175 /* SceneDelegate.swift in Sources */ = {isa = PBXBuildFile; fileRef = CF4A118B2C06353D0007A175 /* SceneDelegate.swift */; };
		CF4A118E2C06353D0007A175 /* ViewController.swift in Sources */ = {isa = PBXBuildFile; fileRef = CF4A118D2C06353D0007A175 /* ViewController.swift */; };
		CF4A11912C06353D0007A175 /* Main.storyboard in Resources */ = {isa = PBXBuildFile; fileRef = CF4A118F2C06353D0007A175 /* Main.storyboard */; };
		CF4A11932C06353E0007A175 /* Assets.xcassets in Resources */ = {isa = PBXBuildFile; fileRef = CF4A11922C06353E0007A175 /* Assets.xcassets */; };
		CF4A11962C06353E0007A175 /* LaunchScreen.storyboard in Resources */ = {isa = PBXBuildFile; fileRef = CF4A11942C06353E0007A175 /* LaunchScreen.storyboard */; };
		CF4A119F2C06362D0007A175 /* Graficos2D.swift in Sources */ = {isa = PBXBuildFile; fileRef = CF4A119E2C06362D0007A175 /* Graficos2D.swift */; };
/* End PBXBuildFile section */

/* Begin PBXFileReference section */
		CF4A11862C06353D0007A175 /* appGraficos2D.app */ = {isa = PBXFileReference; explicitFileType = wrapper.application; includeInIndex = 0; path = appGraficos2D.app; sourceTree = BUILT_PRODUCTS_DIR; };
		CF4A11892C06353D0007A175 /* AppDelegate.swift */ = {isa = PBXFileReference; lastKnownFileType = sourcecode.swift; path = AppDelegate.swift; sourceTree = "<group>"; };
		CF4A118B2C06353D0007A175 /* SceneDelegate.swift */ = {isa = PBXFileReference; lastKnownFileType = sourcecode.swift; path = SceneDelegate.swift; sourceTree = "<group>"; };
		CF4A118D2C06353D0007A175 /* ViewController.swift */ = {isa = PBXFileReference; lastKnownFileType = sourcecode.swift; path = ViewController.swift; sourceTree = "<group>"; };
		CF4A11902C06353D0007A175 /* Base */ = {isa = PBXFileReference; lastKnownFileType = file.storyboard; name = Base; path = Base.lproj/Main.storyboard; sourceTree = "<group>"; };
		CF4A11922C06353E0007A175 /* Assets.xcassets */ = {isa = PBXFileReference; lastKnownFileType = folder.assetcatalog; path = Assets.xcassets; sourceTree = "<group>"; };
		CF4A11952C06353E0007A175 /* Base */ = {isa = PBXFileReference; lastKnownFileType = file.storyboard; name = Base; path = Base.lproj/LaunchScreen.storyboard; sourceTree = "<group>"; };
		CF4A11972C06353E0007A175 /* Info.plist */ = {isa = PBXFileReference; lastKnownFileType = text.plist.xml; path = Info.plist; sourceTree = "<group>"; };
		CF4A119E2C06362D0007A175 /* Graficos2D.swift */ = {isa = PBXFileReference; lastKnownFileType = sourcecode.swift; path = Graficos2D.swift; sourceTree = "<group>"; };
/* End PBXFileReference section */

/* Begin PBXFrameworksBuildPhase section */
		CF4A11832C06353D0007A175 /* Frameworks */ = {
			isa = PBXFrameworksBuildPhase;
			buildActionMask = 2147483647;
			files = (
			);
			runOnlyForDeploymentPostprocessing = 0;
		};
/* End PBXFrameworksBuildPhase section */

/* Begin PBXGroup section */
		CF4A117D2C06353D0007A175 = {
			isa = PBXGroup;
			children = (
				CF4A11882C06353D0007A175 /* appGraficos2D */,
				CF4A11872C06353D0007A175 /* Products */,
			);
			sourceTree = "<group>";
		};
		CF4A11872C06353D0007A175 /* Products */ = {
			isa = PBXGroup;
			children = (
				CF4A11862C06353D0007A175 /* appGraficos2D.app */,
			);
			name = Products;
			sourceTree = "<group>";
		};
		CF4A11882C06353D0007A175 /* appGraficos2D */ = {
			isa = PBXGroup;
			children = (
				CF4A11892C06353D0007A175 /* AppDelegate.swift */,
				CF4A118B2C06353D0007A175 /* SceneDelegate.swift */,
				CF4A118D2C06353D0007A175 /* ViewController.swift */,
				CF4A119E2C06362D0007A175 /* Graficos2D.swift */,
				CF4A118F2C06353D0007A175 /* Main.storyboard */,
				CF4A11922C06353E0007A175 /* Assets.xcassets */,
				CF4A11942C06353E0007A175 /* LaunchScreen.storyboard */,
				CF4A11972C06353E0007A175 /* Info.plist */,
			);
			path = appGraficos2D;
			sourceTree = "<group>";
		};
/* End PBXGroup section */

/* Begin PBXNativeTarget section */
		CF4A11852C06353D0007A175 /* appGraficos2D */ = {
			isa = PBXNativeTarget;
			buildConfigurationList = CF4A119A2C06353E0007A175 /* Build configuration list for PBXNativeTarget "appGraficos2D" */;
			buildPhases = (
				CF4A11822C06353D0007A175 /* Sources */,
				CF4A11832C06353D0007A175 /* Frameworks */,
				CF4A11842C06353D0007A175 /* Resources */,
			);
			buildRules = (
			);
			dependencies = (
			);
			name = appGraficos2D;
			productName = appGraficos2D;
			productReference = CF4A11862C06353D0007A175 /* appGraficos2D.app */;
			productType = "com.apple.product-type.application";
		};
/* End PBXNativeTarget section */

/* Begin PBXProject section */
		CF4A117E2C06353D0007A175 /* Project object */ = {
			isa = PBXProject;
			attributes = {
				LastSwiftUpdateCheck = 1240;
				LastUpgradeCheck = 1240;
				TargetAttributes = {
					CF4A11852C06353D0007A175 = {
						CreatedOnToolsVersion = 12.4;
					};
				};
			};
			buildConfigurationList = CF4A11812C06353D0007A175 /* Build configuration list for PBXProject "appGraficos2D" */;
			compatibilityVersion = "Xcode 9.3";
			developmentRegion = en;
			hasScannedForEncodings = 0;
			knownRegions = (
				en,
				Base,
			);
			mainGroup = CF4A117D2C06353D0007A175;
			productRefGroup = CF4A11872C06353D0007A175 /* Products */;
			projectDirPath = "";
			projectRoot = "";
			targets = (
				CF4A11852C06353D0007A175 /* appGraficos2D */,
			);
		};
/* End PBXProject section */

/* Begin PBXResourcesBuildPhase section */
		CF4A11842C06353D0007A175 /* Resources */ = {
			isa = PBXResourcesBuildPhase;
			buildActionMask = 2147483647;
			files = (
				CF4A11962C06353E0007A175 /* LaunchScreen.storyboard in Resources */,
				CF4A11932C06353E0007A175 /* Assets.xcassets in Resources */,
				CF4A11912C06353D0007A175 /* Main.storyboard in Resources */,
			);
			runOnlyForDeploymentPostprocessing = 0;
		};
/* End PBXResourcesBuildPhase section */

/* Begin PBXSourcesBuildPhase section */
		CF4A11822C06353D0007A175 /* Sources */ = {
			isa = PBXSourcesBuildPhase;
			buildActionMask = 2147483647;
			files = (
				CF4A118E2C06353D0007A175 /* ViewController.swift in Sources */,
				CF4A118A2C06353D0007A175 /* AppDelegate.swift in Sources */,
				CF4A118C2C06353D0007A175 /* SceneDelegate.swift in Sources */,
				CF4A119F2C06362D0007A175 /* Graficos2D.swift in Sources */,
			);
			runOnlyForDeploymentPostprocessing = 0;
		};
/* End PBXSourcesBuildPhase section */

/* Begin PBXVariantGroup section */
		CF4A118F2C06353D0007A175 /* Main.storyboard */ = {
			isa = PBXVariantGroup;
			children = (
				CF4A11902C06353D0007A175 /* Base */,
			);
			name = Main.storyboard;
			sourceTree = "<group>";
		};
		CF4A11942C06353E0007A175 /* LaunchScreen.storyboard */ = {
			isa = PBXVariantGroup;
			children = (
				CF4A11952C06353E0007A175 /* Base */,
			);
			name = LaunchScreen.storyboard;
			sourceTree = "<group>";
		};
/* End PBXVariantGroup section */

/* Begin XCBuildConfiguration section */
		CF4A11982C06353E0007A175 /* Debug */ = {
			isa = XCBuildConfiguration;
			buildSettings = {
				ALWAYS_SEARCH_USER_PATHS = NO;
				CLANG_ANALYZER_NONNULL = YES;
				CLANG_ANALYZER_NUMBER_OBJECT_CONVERSION = YES_AGGRESSIVE;
				CLANG_CXX_LANGUAGE_STANDARD = "gnu++14";
				CLANG_CXX_LIBRARY = "libc++";
				CLANG_ENABLE_MODULES = YES;
				CLANG_ENABLE_OBJC_ARC = YES;
				CLANG_ENABLE_OBJC_WEAK = YES;
				CLANG_WARN_BLOCK_CAPTURE_AUTORELEASING = YES;
				CLANG_WARN_BOOL_CONVERSION = YES;
				CLANG_WARN_COMMA = YES;
				CLANG_WARN_CONSTANT_CONVERSION = YES;
				CLANG_WARN_DEPRECATED_OBJC_IMPLEMENTATIONS = YES;
				CLANG_WARN_DIRECT_OBJC_ISA_USAGE = YES_ERROR;
				CLANG_WARN_DOCUMENTATION_COMMENTS = YES;
				CLANG_WARN_EMPTY_BODY = YES;
				CLANG_WARN_ENUM_CONVERSION = YES;
				CLANG_WARN_INFINITE_RECURSION = YES;
				CLANG_WARN_INT_CONVERSION = YES;
				CLANG_WARN_NON_LITERAL_NULL_CONVERSION = YES;
				CLANG_WARN_OBJC_IMPLICIT_RETAIN_SELF = YES;
				CLANG_WARN_OBJC_LITERAL_CONVERSION = YES;
				CLANG_WARN_OBJC_ROOT_CLASS = YES_ERROR;
				CLANG_WARN_QUOTED_INCLUDE_IN_FRAMEWORK_HEADER = YES;
				CLANG_WARN_RANGE_LOOP_ANALYSIS = YES;
				CLANG_WARN_STRICT_PROTOTYPES = YES;
				CLANG_WARN_SUSPICIOUS_MOVE = YES;
				CLANG_WARN_UNGUARDED_AVAILABILITY = YES_AGGRESSIVE;
				CLANG_WARN_UNREACHABLE_CODE = YES;
				CLANG_WARN__DUPLICATE_METHOD_MATCH = YES;
				COPY_PHASE_STRIP = NO;
				DEBUG_INFORMATION_FORMAT = dwarf;
				ENABLE_STRICT_OBJC_MSGSEND = YES;
				ENABLE_TESTABILITY = YES;
				GCC_C_LANGUAGE_STANDARD = gnu11;
				GCC_DYNAMIC_NO_PIC = NO;
				GCC_NO_COMMON_BLOCKS = YES;
				GCC_OPTIMIZATION_LEVEL = 0;
				GCC_PREPROCESSOR_DEFINITIONS = (
					"DEBUG=1",
					"$(inherited)",
				);
				GCC_WARN_64_TO_32_BIT_CONVERSION = YES;
				GCC_WARN_ABOUT_RETURN_TYPE = YES_ERROR;
				GCC_WARN_UNDECLARED_SELECTOR = YES;
				GCC_WARN_UNINITIALIZED_AUTOS = YES_AGGRESSIVE;
				GCC_WARN_UNUSED_FUNCTION = YES;
				GCC_WARN_UNUSED_VARIABLE = YES;
				IPHONEOS_DEPLOYMENT_TARGET = 14.4;
				MTL_ENABLE_DEBUG_INFO = INCLUDE_SOURCE;
				MTL_FAST_MATH = YES;
				ONLY_ACTIVE_ARCH = YES;
				SDKROOT = iphoneos;
				SWIFT_ACTIVE_COMPILATION_CONDITIONS = DEBUG;
				SWIFT_OPTIMIZATION_LEVEL = "-Onone";
			};
			name = Debug;
		};
		CF4A11992C06353E0007A175 /* Release */ = {
			isa = XCBuildConfiguration;
			buildSettings = {
				ALWAYS_SEARCH_USER_PATHS = NO;
				CLANG_ANALYZER_NONNULL = YES;
				CLANG_ANALYZER_NUMBER_OBJECT_CONVERSION = YES_AGGRESSIVE;
				CLANG_CXX_LANGUAGE_STANDARD = "gnu++14";
				CLANG_CXX_LIBRARY = "libc++";
				CLANG_ENABLE_MODULES = YES;
				CLANG_ENABLE_OBJC_ARC = YES;
				CLANG_ENABLE_OBJC_WEAK = YES;
				CLANG_WARN_BLOCK_CAPTURE_AUTORELEASING = YES;
				CLANG_WARN_BOOL_CONVERSION = YES;
				CLANG_WARN_COMMA = YES;
				CLANG_WARN_CONSTANT_CONVERSION = YES;
				CLANG_WARN_DEPRECATED_OBJC_IMPLEMENTATIONS = YES;
				CLANG_WARN_DIRECT_OBJC_ISA_USAGE = YES_ERROR;
				CLANG_WARN_DOCUMENTATION_COMMENTS = YES;
				CLANG_WARN_EMPTY_BODY = YES;
				CLANG_WARN_ENUM_CONVERSION = YES;
				CLANG_WARN_INFINITE_RECURSION = YES;
				CLANG_WARN_INT_CONVERSION = YES;
				CLANG_WARN_NON_LITERAL_NULL_CONVERSION = YES;
				CLANG_WARN_OBJC_IMPLICIT_RETAIN_SELF = YES;
				CLANG_WARN_OBJC_LITERAL_CONVERSION = YES;
				CLANG_WARN_OBJC_ROOT_CLASS = YES_ERROR;
				CLANG_WARN_QUOTED_INCLUDE_IN_FRAMEWORK_HEADER = YES;
				CLANG_WARN_RANGE_LOOP_ANALYSIS = YES;
				CLANG_WARN_STRICT_PROTOTYPES = YES;
				CLANG_WARN_SUSPICIOUS_MOVE = YES;
				CLANG_WARN_UNGUARDED_AVAILABILITY = YES_AGGRESSIVE;
				CLANG_WARN_UNREACHABLE_CODE = YES;
				CLANG_WARN__DUPLICATE_METHOD_MATCH = YES;
				COPY_PHASE_STRIP = NO;
				DEBUG_INFORMATION_FORMAT = "dwarf-with-dsym";
				ENABLE_NS_ASSERTIONS = NO;
				ENABLE_STRICT_OBJC_MSGSEND = YES;
				GCC_C_LANGUAGE_STANDARD = gnu11;
				GCC_NO_COMMON_BLOCKS = YES;
				GCC_WARN_64_TO_32_BIT_CONVERSION = YES;
				GCC_WARN_ABOUT_RETURN_TYPE = YES_ERROR;
				GCC_WARN_UNDECLARED_SELECTOR = YES;
				GCC_WARN_UNINITIALIZED_AUTOS = YES_AGGRESSIVE;
				GCC_WARN_UNUSED_FUNCTION = YES;
				GCC_WARN_UNUSED_VARIABLE = YES;
				IPHONEOS_DEPLOYMENT_TARGET = 14.4;
				MTL_ENABLE_DEBUG_INFO = NO;
				MTL_FAST_MATH = YES;
				SDKROOT = iphoneos;
				SWIFT_COMPILATION_MODE = wholemodule;
				SWIFT_OPTIMIZATION_LEVEL = "-O";
				VALIDATE_PRODUCT = YES;
			};
			name = Release;
		};
		CF4A119B2C06353E0007A175 /* Debug */ = {
			isa = XCBuildConfiguration;
			buildSettings = {
				ASSETCATALOG_COMPILER_APPICON_NAME = AppIcon;
				ASSETCATALOG_COMPILER_GLOBAL_ACCENT_COLOR_NAME = AccentColor;
				CODE_SIGN_STYLE = Automatic;
				DEVELOPMENT_TEAM = 3M6X6879RS;
				INFOPLIST_FILE = appGraficos2D/Info.plist;
				LD_RUNPATH_SEARCH_PATHS = (
					"$(inherited)",
					"@executable_path/Frameworks",
				);
				PRODUCT_BUNDLE_IDENTIFIER = jorgec.appGraficos2D;
				PRODUCT_NAME = "$(TARGET_NAME)";
				SWIFT_VERSION = 5.0;
				TARGETED_DEVICE_FAMILY = "1,2";
			};
			name = Debug;
		};
		CF4A119C2C06353E0007A175 /* Release */ = {
			isa = XCBuildConfiguration;
			buildSettings = {
				ASSETCATALOG_COMPILER_APPICON_NAME = AppIcon;
				ASSETCATALOG_COMPILER_GLOBAL_ACCENT_COLOR_NAME = AccentColor;
				CODE_SIGN_STYLE = Automatic;
				DEVELOPMENT_TEAM = 3M6X6879RS;
				INFOPLIST_FILE = appGraficos2D/Info.plist;
				LD_RUNPATH_SEARCH_PATHS = (
					"$(inherited)",
					"@executable_path/Frameworks",
				);
				PRODUCT_BUNDLE_IDENTIFIER = jorgec.appGraficos2D;
				PRODUCT_NAME = "$(TARGET_NAME)";
				SWIFT_VERSION = 5.0;
				TARGETED_DEVICE_FAMILY = "1,2";
			};
			name = Release;
		};
/* End XCBuildConfiguration section */

/* Begin XCConfigurationList section */
		CF4A11812C06353D0007A175 /* Build configuration list for PBXProject "appGraficos2D" */ = {
			isa = XCConfigurationList;
			buildConfigurations = (
				CF4A11982C06353E0007A175 /* Debug */,
				CF4A11992C06353E0007A175 /* Release */,
			);
			defaultConfigurationIsVisible = 0;
			defaultConfigurationName = Release;
		};
		CF4A119A2C06353E0007A175 /* Build configuration list for PBXNativeTarget "appGraficos2D" */ = {
			isa = XCConfigurationList;
			buildConfigurations = (
				CF4A119B2C06353E0007A175 /* Debug */,
				CF4A119C2C06353E0007A175 /* Release */,
			);
			defaultConfigurationIsVisible = 0;
			defaultConfigurationName = Release;
		};
/* End XCConfigurationList section */
	};
	rootObject = CF4A117E2C06353D0007A175 /* Project object */;
}
