// !$*UTF8*$!
{
	archiveVersion = 1;
	classes = {
	};
	objectVersion = 50;
	objects = {

/* Begin PBXBuildFile section */
		CF72DA412BD5B082005672BD /* AppDelegate.m in Sources */ = {isa = PBXBuildFile; fileRef = CF72DA402BD5B082005672BD /* AppDelegate.m */; };
		CF72DA442BD5B082005672BD /* SceneDelegate.m in Sources */ = {isa = PBXBuildFile; fileRef = CF72DA432BD5B082005672BD /* SceneDelegate.m */; };
		CF72DA472BD5B082005672BD /* ViewController.m in Sources */ = {isa = PBXBuildFile; fileRef = CF72DA462BD5B082005672BD /* ViewController.m */; };
		CF72DA4A2BD5B082005672BD /* Main.storyboard in Resources */ = {isa = PBXBuildFile; fileRef = CF72DA482BD5B082005672BD /* Main.storyboard */; };
		CF72DA4C2BD5B083005672BD /* Assets.xcassets in Resources */ = {isa = PBXBuildFile; fileRef = CF72DA4B2BD5B083005672BD /* Assets.xcassets */; };
		CF72DA4F2BD5B083005672BD /* LaunchScreen.storyboard in Resources */ = {isa = PBXBuildFile; fileRef = CF72DA4D2BD5B083005672BD /* LaunchScreen.storyboard */; };
		CF72DA522BD5B083005672BD /* main.m in Sources */ = {isa = PBXBuildFile; fileRef = CF72DA512BD5B083005672BD /* main.m */; };
/* End PBXBuildFile section */

/* Begin PBXFileReference section */
		CF72DA3C2BD5B081005672BD /* appPickerRegex.app */ = {isa = PBXFileReference; explicitFileType = wrapper.application; includeInIndex = 0; path = appPickerRegex.app; sourceTree = BUILT_PRODUCTS_DIR; };
		CF72DA3F2BD5B082005672BD /* AppDelegate.h */ = {isa = PBXFileReference; lastKnownFileType = sourcecode.c.h; path = AppDelegate.h; sourceTree = "<group>"; };
		CF72DA402BD5B082005672BD /* AppDelegate.m */ = {isa = PBXFileReference; lastKnownFileType = sourcecode.c.objc; path = AppDelegate.m; sourceTree = "<group>"; };
		CF72DA422BD5B082005672BD /* SceneDelegate.h */ = {isa = PBXFileReference; lastKnownFileType = sourcecode.c.h; path = SceneDelegate.h; sourceTree = "<group>"; };
		CF72DA432BD5B082005672BD /* SceneDelegate.m */ = {isa = PBXFileReference; lastKnownFileType = sourcecode.c.objc; path = SceneDelegate.m; sourceTree = "<group>"; };
		CF72DA452BD5B082005672BD /* ViewController.h */ = {isa = PBXFileReference; lastKnownFileType = sourcecode.c.h; path = ViewController.h; sourceTree = "<group>"; };
		CF72DA462BD5B082005672BD /* ViewController.m */ = {isa = PBXFileReference; lastKnownFileType = sourcecode.c.objc; path = ViewController.m; sourceTree = "<group>"; };
		CF72DA492BD5B082005672BD /* Base */ = {isa = PBXFileReference; lastKnownFileType = file.storyboard; name = Base; path = Base.lproj/Main.storyboard; sourceTree = "<group>"; };
		CF72DA4B2BD5B083005672BD /* Assets.xcassets */ = {isa = PBXFileReference; lastKnownFileType = folder.assetcatalog; path = Assets.xcassets; sourceTree = "<group>"; };
		CF72DA4E2BD5B083005672BD /* Base */ = {isa = PBXFileReference; lastKnownFileType = file.storyboard; name = Base; path = Base.lproj/LaunchScreen.storyboard; sourceTree = "<group>"; };
		CF72DA502BD5B083005672BD /* Info.plist */ = {isa = PBXFileReference; lastKnownFileType = text.plist.xml; path = Info.plist; sourceTree = "<group>"; };
		CF72DA512BD5B083005672BD /* main.m */ = {isa = PBXFileReference; lastKnownFileType = sourcecode.c.objc; path = main.m; sourceTree = "<group>"; };
/* End PBXFileReference section */

/* Begin PBXFrameworksBuildPhase section */
		CF72DA392BD5B081005672BD /* Frameworks */ = {
			isa = PBXFrameworksBuildPhase;
			buildActionMask = 2147483647;
			files = (
			);
			runOnlyForDeploymentPostprocessing = 0;
		};
/* End PBXFrameworksBuildPhase section */

/* Begin PBXGroup section */
		CF72DA332BD5B081005672BD = {
			isa = PBXGroup;
			children = (
				CF72DA3E2BD5B081005672BD /* appPickerRegex */,
				CF72DA3D2BD5B081005672BD /* Products */,
			);
			sourceTree = "<group>";
		};
		CF72DA3D2BD5B081005672BD /* Products */ = {
			isa = PBXGroup;
			children = (
				CF72DA3C2BD5B081005672BD /* appPickerRegex.app */,
			);
			name = Products;
			sourceTree = "<group>";
		};
		CF72DA3E2BD5B081005672BD /* appPickerRegex */ = {
			isa = PBXGroup;
			children = (
				CF72DA3F2BD5B082005672BD /* AppDelegate.h */,
				CF72DA402BD5B082005672BD /* AppDelegate.m */,
				CF72DA422BD5B082005672BD /* SceneDelegate.h */,
				CF72DA432BD5B082005672BD /* SceneDelegate.m */,
				CF72DA452BD5B082005672BD /* ViewController.h */,
				CF72DA462BD5B082005672BD /* ViewController.m */,
				CF72DA482BD5B082005672BD /* Main.storyboard */,
				CF72DA4B2BD5B083005672BD /* Assets.xcassets */,
				CF72DA4D2BD5B083005672BD /* LaunchScreen.storyboard */,
				CF72DA502BD5B083005672BD /* Info.plist */,
				CF72DA512BD5B083005672BD /* main.m */,
			);
			path = appPickerRegex;
			sourceTree = "<group>";
		};
/* End PBXGroup section */

/* Begin PBXNativeTarget section */
		CF72DA3B2BD5B081005672BD /* appPickerRegex */ = {
			isa = PBXNativeTarget;
			buildConfigurationList = CF72DA552BD5B083005672BD /* Build configuration list for PBXNativeTarget "appPickerRegex" */;
			buildPhases = (
				CF72DA382BD5B081005672BD /* Sources */,
				CF72DA392BD5B081005672BD /* Frameworks */,
				CF72DA3A2BD5B081005672BD /* Resources */,
			);
			buildRules = (
			);
			dependencies = (
			);
			name = appPickerRegex;
			productName = appPickerRegex;
			productReference = CF72DA3C2BD5B081005672BD /* appPickerRegex.app */;
			productType = "com.apple.product-type.application";
		};
/* End PBXNativeTarget section */

/* Begin PBXProject section */
		CF72DA342BD5B081005672BD /* Project object */ = {
			isa = PBXProject;
			attributes = {
				LastUpgradeCheck = 1250;
				TargetAttributes = {
					CF72DA3B2BD5B081005672BD = {
						CreatedOnToolsVersion = 12.5.1;
					};
				};
			};
			buildConfigurationList = CF72DA372BD5B081005672BD /* Build configuration list for PBXProject "appPickerRegex" */;
			compatibilityVersion = "Xcode 9.3";
			developmentRegion = en;
			hasScannedForEncodings = 0;
			knownRegions = (
				en,
				Base,
			);
			mainGroup = CF72DA332BD5B081005672BD;
			productRefGroup = CF72DA3D2BD5B081005672BD /* Products */;
			projectDirPath = "";
			projectRoot = "";
			targets = (
				CF72DA3B2BD5B081005672BD /* appPickerRegex */,
			);
		};
/* End PBXProject section */

/* Begin PBXResourcesBuildPhase section */
		CF72DA3A2BD5B081005672BD /* Resources */ = {
			isa = PBXResourcesBuildPhase;
			buildActionMask = 2147483647;
			files = (
				CF72DA4F2BD5B083005672BD /* LaunchScreen.storyboard in Resources */,
				CF72DA4C2BD5B083005672BD /* Assets.xcassets in Resources */,
				CF72DA4A2BD5B082005672BD /* Main.storyboard in Resources */,
			);
			runOnlyForDeploymentPostprocessing = 0;
		};
/* End PBXResourcesBuildPhase section */

/* Begin PBXSourcesBuildPhase section */
		CF72DA382BD5B081005672BD /* Sources */ = {
			isa = PBXSourcesBuildPhase;
			buildActionMask = 2147483647;
			files = (
				CF72DA472BD5B082005672BD /* ViewController.m in Sources */,
				CF72DA412BD5B082005672BD /* AppDelegate.m in Sources */,
				CF72DA522BD5B083005672BD /* main.m in Sources */,
				CF72DA442BD5B082005672BD /* SceneDelegate.m in Sources */,
			);
			runOnlyForDeploymentPostprocessing = 0;
		};
/* End PBXSourcesBuildPhase section */

/* Begin PBXVariantGroup section */
		CF72DA482BD5B082005672BD /* Main.storyboard */ = {
			isa = PBXVariantGroup;
			children = (
				CF72DA492BD5B082005672BD /* Base */,
			);
			name = Main.storyboard;
			sourceTree = "<group>";
		};
		CF72DA4D2BD5B083005672BD /* LaunchScreen.storyboard */ = {
			isa = PBXVariantGroup;
			children = (
				CF72DA4E2BD5B083005672BD /* Base */,
			);
			name = LaunchScreen.storyboard;
			sourceTree = "<group>";
		};
/* End PBXVariantGroup section */

/* Begin XCBuildConfiguration section */
		CF72DA532BD5B083005672BD /* Debug */ = {
			isa = XCBuildConfiguration;
			buildSettings = {
				ALWAYS_SEARCH_USER_PATHS = NO;
				CLANG_ANALYZER_NONNULL = YES;
				CLANG_ANALYZER_NUMBER_OBJECT_CONVERSION = YES_AGGRESSIVE;
				CLANG_CXX_LANGUAGE_STANDARD = "gnu++14";
				CLANG_CXX_LIBRARY = "libc++";
				CLANG_ENABLE_MODULES = YES;
				CLANG_ENABLE_OBJC_ARC = YES;
				CLANG_ENABLE_OBJC_WEAK = YES;
				CLANG_WARN_BLOCK_CAPTURE_AUTORELEASING = YES;
				CLANG_WARN_BOOL_CONVERSION = YES;
				CLANG_WARN_COMMA = YES;
				CLANG_WARN_CONSTANT_CONVERSION = YES;
				CLANG_WARN_DEPRECATED_OBJC_IMPLEMENTATIONS = YES;
				CLANG_WARN_DIRECT_OBJC_ISA_USAGE = YES_ERROR;
				CLANG_WARN_DOCUMENTATION_COMMENTS = YES;
				CLANG_WARN_EMPTY_BODY = YES;
				CLANG_WARN_ENUM_CONVERSION = YES;
				CLANG_WARN_INFINITE_RECURSION = YES;
				CLANG_WARN_INT_CONVERSION = YES;
				CLANG_WARN_NON_LITERAL_NULL_CONVERSION = YES;
				CLANG_WARN_OBJC_IMPLICIT_RETAIN_SELF = YES;
				CLANG_WARN_OBJC_LITERAL_CONVERSION = YES;
				CLANG_WARN_OBJC_ROOT_CLASS = YES_ERROR;
				CLANG_WARN_QUOTED_INCLUDE_IN_FRAMEWORK_HEADER = YES;
				CLANG_WARN_RANGE_LOOP_ANALYSIS = YES;
				CLANG_WARN_STRICT_PROTOTYPES = YES;
				CLANG_WARN_SUSPICIOUS_MOVE = YES;
				CLANG_WARN_UNGUARDED_AVAILABILITY = YES_AGGRESSIVE;
				CLANG_WARN_UNREACHABLE_CODE = YES;
				CLANG_WARN__DUPLICATE_METHOD_MATCH = YES;
				COPY_PHASE_STRIP = NO;
				DEBUG_INFORMATION_FORMAT = dwarf;
				ENABLE_STRICT_OBJC_MSGSEND = YES;
				ENABLE_TESTABILITY = YES;
				GCC_C_LANGUAGE_STANDARD = gnu11;
				GCC_DYNAMIC_NO_PIC = NO;
				GCC_NO_COMMON_BLOCKS = YES;
				GCC_OPTIMIZATION_LEVEL = 0;
				GCC_PREPROCESSOR_DEFINITIONS = (
					"DEBUG=1",
					"$(inherited)",
				);
				GCC_WARN_64_TO_32_BIT_CONVERSION = YES;
				GCC_WARN_ABOUT_RETURN_TYPE = YES_ERROR;
				GCC_WARN_UNDECLARED_SELECTOR = YES;
				GCC_WARN_UNINITIALIZED_AUTOS = YES_AGGRESSIVE;
				GCC_WARN_UNUSED_FUNCTION = YES;
				GCC_WARN_UNUSED_VARIABLE = YES;
				IPHONEOS_DEPLOYMENT_TARGET = 14.5;
				MTL_ENABLE_DEBUG_INFO = INCLUDE_SOURCE;
				MTL_FAST_MATH = YES;
				ONLY_ACTIVE_ARCH = YES;
				SDKROOT = iphoneos;
			};
			name = Debug;
		};
		CF72DA542BD5B083005672BD /* Release */ = {
			isa = XCBuildConfiguration;
			buildSettings = {
				ALWAYS_SEARCH_USER_PATHS = NO;
				CLANG_ANALYZER_NONNULL = YES;
				CLANG_ANALYZER_NUMBER_OBJECT_CONVERSION = YES_AGGRESSIVE;
				CLANG_CXX_LANGUAGE_STANDARD = "gnu++14";
				CLANG_CXX_LIBRARY = "libc++";
				CLANG_ENABLE_MODULES = YES;
				CLANG_ENABLE_OBJC_ARC = YES;
				CLANG_ENABLE_OBJC_WEAK = YES;
				CLANG_WARN_BLOCK_CAPTURE_AUTORELEASING = YES;
				CLANG_WARN_BOOL_CONVERSION = YES;
				CLANG_WARN_COMMA = YES;
				CLANG_WARN_CONSTANT_CONVERSION = YES;
				CLANG_WARN_DEPRECATED_OBJC_IMPLEMENTATIONS = YES;
				CLANG_WARN_DIRECT_OBJC_ISA_USAGE = YES_ERROR;
				CLANG_WARN_DOCUMENTATION_COMMENTS = YES;
				CLANG_WARN_EMPTY_BODY = YES;
				CLANG_WARN_ENUM_CONVERSION = YES;
				CLANG_WARN_INFINITE_RECURSION = YES;
				CLANG_WARN_INT_CONVERSION = YES;
				CLANG_WARN_NON_LITERAL_NULL_CONVERSION = YES;
				CLANG_WARN_OBJC_IMPLICIT_RETAIN_SELF = YES;
				CLANG_WARN_OBJC_LITERAL_CONVERSION = YES;
				CLANG_WARN_OBJC_ROOT_CLASS = YES_ERROR;
				CLANG_WARN_QUOTED_INCLUDE_IN_FRAMEWORK_HEADER = YES;
				CLANG_WARN_RANGE_LOOP_ANALYSIS = YES;
				CLANG_WARN_STRICT_PROTOTYPES = YES;
				CLANG_WARN_SUSPICIOUS_MOVE = YES;
				CLANG_WARN_UNGUARDED_AVAILABILITY = YES_AGGRESSIVE;
				CLANG_WARN_UNREACHABLE_CODE = YES;
				CLANG_WARN__DUPLICATE_METHOD_MATCH = YES;
				COPY_PHASE_STRIP = NO;
				DEBUG_INFORMATION_FORMAT = "dwarf-with-dsym";
				ENABLE_NS_ASSERTIONS = NO;
				ENABLE_STRICT_OBJC_MSGSEND = YES;
				GCC_C_LANGUAGE_STANDARD = gnu11;
				GCC_NO_COMMON_BLOCKS = YES;
				GCC_WARN_64_TO_32_BIT_CONVERSION = YES;
				GCC_WARN_ABOUT_RETURN_TYPE = YES_ERROR;
				GCC_WARN_UNDECLARED_SELECTOR = YES;
				GCC_WARN_UNINITIALIZED_AUTOS = YES_AGGRESSIVE;
				GCC_WARN_UNUSED_FUNCTION = YES;
				GCC_WARN_UNUSED_VARIABLE = YES;
				IPHONEOS_DEPLOYMENT_TARGET = 14.5;
				MTL_ENABLE_DEBUG_INFO = NO;
				MTL_FAST_MATH = YES;
				SDKROOT = iphoneos;
				VALIDATE_PRODUCT = YES;
			};
			name = Release;
		};
		CF72DA562BD5B083005672BD /* Debug */ = {
			isa = XCBuildConfiguration;
			buildSettings = {
				ASSETCATALOG_COMPILER_APPICON_NAME = AppIcon;
				ASSETCATALOG_COMPILER_GLOBAL_ACCENT_COLOR_NAME = AccentColor;
				CODE_SIGN_STYLE = Automatic;
				DEVELOPMENT_TEAM = 3M6X6879RS;
				INFOPLIST_FILE = appPickerRegex/Info.plist;
				LD_RUNPATH_SEARCH_PATHS = (
					"$(inherited)",
					"@executable_path/Frameworks",
				);
				PRODUCT_BUNDLE_IDENTIFIER = "jorge-c.appPickerRegex";
				PRODUCT_NAME = "$(TARGET_NAME)";
				TARGETED_DEVICE_FAMILY = "1,2";
			};
			name = Debug;
		};
		CF72DA572BD5B083005672BD /* Release */ = {
			isa = XCBuildConfiguration;
			buildSettings = {
				ASSETCATALOG_COMPILER_APPICON_NAME = AppIcon;
				ASSETCATALOG_COMPILER_GLOBAL_ACCENT_COLOR_NAME = AccentColor;
				CODE_SIGN_STYLE = Automatic;
				DEVELOPMENT_TEAM = 3M6X6879RS;
				INFOPLIST_FILE = appPickerRegex/Info.plist;
				LD_RUNPATH_SEARCH_PATHS = (
					"$(inherited)",
					"@executable_path/Frameworks",
				);
				PRODUCT_BUNDLE_IDENTIFIER = "jorge-c.appPickerRegex";
				PRODUCT_NAME = "$(TARGET_NAME)";
				TARGETED_DEVICE_FAMILY = "1,2";
			};
			name = Release;
		};
/* End XCBuildConfiguration section */

/* Begin XCConfigurationList section */
		CF72DA372BD5B081005672BD /* Build configuration list for PBXProject "appPickerRegex" */ = {
			isa = XCConfigurationList;
			buildConfigurations = (
				CF72DA532BD5B083005672BD /* Debug */,
				CF72DA542BD5B083005672BD /* Release */,
			);
			defaultConfigurationIsVisible = 0;
			defaultConfigurationName = Release;
		};
		CF72DA552BD5B083005672BD /* Build configuration list for PBXNativeTarget "appPickerRegex" */ = {
			isa = XCConfigurationList;
			buildConfigurations = (
				CF72DA562BD5B083005672BD /* Debug */,
				CF72DA572BD5B083005672BD /* Release */,
			);
			defaultConfigurationIsVisible = 0;
			defaultConfigurationName = Release;
		};
/* End XCConfigurationList section */
	};
	rootObject = CF72DA342BD5B081005672BD /* Project object */;
}
