// !$*UTF8*$!
{
	archiveVersion = 1;
	classes = {
	};
	objectVersion = 50;
	objects = {

/* Begin PBXBuildFile section */
		CF57AB9B2C06308700480B0A /* BICI_1_copy.png in Resources */ = {isa = PBXBuildFile; fileRef = CF57AB9A2C06308700480B0A /* BICI_1_copy.png */; };
		CF62476F2C04DD400077E716 /* AppDelegate.swift in Sources */ = {isa = PBXBuildFile; fileRef = CF62476E2C04DD400077E716 /* AppDelegate.swift */; };
		CF6247712C04DD400077E716 /* SceneDelegate.swift in Sources */ = {isa = PBXBuildFile; fileRef = CF6247702C04DD400077E716 /* SceneDelegate.swift */; };
		CF6247732C04DD400077E716 /* ViewController.swift in Sources */ = {isa = PBXBuildFile; fileRef = CF6247722C04DD400077E716 /* ViewController.swift */; };
		CF6247762C04DD400077E716 /* Main.storyboard in Resources */ = {isa = PBXBuildFile; fileRef = CF6247742C04DD400077E716 /* Main.storyboard */; };
		CF6247782C04DD420077E716 /* Assets.xcassets in Resources */ = {isa = PBXBuildFile; fileRef = CF6247772C04DD420077E716 /* Assets.xcassets */; };
		CF62477B2C04DD420077E716 /* LaunchScreen.storyboard in Resources */ = {isa = PBXBuildFile; fileRef = CF6247792C04DD420077E716 /* LaunchScreen.storyboard */; };
		CF62478C2C04E46B0077E716 /* carro11.png in Resources */ = {isa = PBXBuildFile; fileRef = CF6247832C04E46B0077E716 /* carro11.png */; };
		CF62478D2C04E46B0077E716 /* camioneta1.jpg in Resources */ = {isa = PBXBuildFile; fileRef = CF6247842C04E46B0077E716 /* camioneta1.jpg */; };
		CF62478E2C04E46B0077E716 /* carro1.jpg in Resources */ = {isa = PBXBuildFile; fileRef = CF6247852C04E46B0077E716 /* carro1.jpg */; };
		CF6247902C04E46B0077E716 /* BICI_1.jpg in Resources */ = {isa = PBXBuildFile; fileRef = CF6247872C04E46B0077E716 /* BICI_1.jpg */; };
		CF6247912C04E46C0077E716 /* BICI_2.png in Resources */ = {isa = PBXBuildFile; fileRef = CF6247882C04E46B0077E716 /* BICI_2.png */; };
		CF6247922C04E46C0077E716 /* moto1.png in Resources */ = {isa = PBXBuildFile; fileRef = CF6247892C04E46B0077E716 /* moto1.png */; };
		CF6247932C04E46C0077E716 /* bici1.jpg in Resources */ = {isa = PBXBuildFile; fileRef = CF62478A2C04E46B0077E716 /* bici1.jpg */; };
		CF6247942C04E46C0077E716 /* camioneta11.jpg in Resources */ = {isa = PBXBuildFile; fileRef = CF62478B2C04E46B0077E716 /* camioneta11.jpg */; };
/* End PBXBuildFile section */

/* Begin PBXFileReference section */
		CF57AB9A2C06308700480B0A /* BICI_1_copy.png */ = {isa = PBXFileReference; lastKnownFileType = image.png; name = BICI_1_copy.png; path = ../../../../../../IMAGENES/BICI_1_copy.png; sourceTree = "<group>"; };
		CF62476B2C04DD400077E716 /* appPickerViewProductos.app */ = {isa = PBXFileReference; explicitFileType = wrapper.application; includeInIndex = 0; path = appPickerViewProductos.app; sourceTree = BUILT_PRODUCTS_DIR; };
		CF62476E2C04DD400077E716 /* AppDelegate.swift */ = {isa = PBXFileReference; lastKnownFileType = sourcecode.swift; path = AppDelegate.swift; sourceTree = "<group>"; };
		CF6247702C04DD400077E716 /* SceneDelegate.swift */ = {isa = PBXFileReference; lastKnownFileType = sourcecode.swift; path = SceneDelegate.swift; sourceTree = "<group>"; };
		CF6247722C04DD400077E716 /* ViewController.swift */ = {isa = PBXFileReference; lastKnownFileType = sourcecode.swift; path = ViewController.swift; sourceTree = "<group>"; };
		CF6247752C04DD400077E716 /* Base */ = {isa = PBXFileReference; lastKnownFileType = file.storyboard; name = Base; path = Base.lproj/Main.storyboard; sourceTree = "<group>"; };
		CF6247772C04DD420077E716 /* Assets.xcassets */ = {isa = PBXFileReference; lastKnownFileType = folder.assetcatalog; path = Assets.xcassets; sourceTree = "<group>"; };
		CF62477A2C04DD420077E716 /* Base */ = {isa = PBXFileReference; lastKnownFileType = file.storyboard; name = Base; path = Base.lproj/LaunchScreen.storyboard; sourceTree = "<group>"; };
		CF62477C2C04DD420077E716 /* Info.plist */ = {isa = PBXFileReference; lastKnownFileType = text.plist.xml; path = Info.plist; sourceTree = "<group>"; };
		CF6247832C04E46B0077E716 /* carro11.png */ = {isa = PBXFileReference; lastKnownFileType = image.png; name = carro11.png; path = ../../../../../../IMAGENES/carro11.png; sourceTree = "<group>"; };
		CF6247842C04E46B0077E716 /* camioneta1.jpg */ = {isa = PBXFileReference; lastKnownFileType = image.jpeg; name = camioneta1.jpg; path = ../../../../../../IMAGENES/camioneta1.jpg; sourceTree = "<group>"; };
		CF6247852C04E46B0077E716 /* carro1.jpg */ = {isa = PBXFileReference; lastKnownFileType = image.jpeg; name = carro1.jpg; path = ../../../../../../IMAGENES/carro1.jpg; sourceTree = "<group>"; };
		CF6247872C04E46B0077E716 /* BICI_1.jpg */ = {isa = PBXFileReference; lastKnownFileType = image.jpeg; name = BICI_1.jpg; path = ../../../../../../IMAGENES/BICI_1.jpg; sourceTree = "<group>"; };
		CF6247882C04E46B0077E716 /* BICI_2.png */ = {isa = PBXFileReference; lastKnownFileType = image.png; name = BICI_2.png; path = ../../../../../../IMAGENES/BICI_2.png; sourceTree = "<group>"; };
		CF6247892C04E46B0077E716 /* moto1.png */ = {isa = PBXFileReference; lastKnownFileType = image.png; name = moto1.png; path = ../../../../../../IMAGENES/moto1.png; sourceTree = "<group>"; };
		CF62478A2C04E46B0077E716 /* bici1.jpg */ = {isa = PBXFileReference; lastKnownFileType = image.jpeg; name = bici1.jpg; path = ../../../../../../IMAGENES/bici1.jpg; sourceTree = "<group>"; };
		CF62478B2C04E46B0077E716 /* camioneta11.jpg */ = {isa = PBXFileReference; lastKnownFileType = image.jpeg; name = camioneta11.jpg; path = ../../../../../../IMAGENES/camioneta11.jpg; sourceTree = "<group>"; };
/* End PBXFileReference section */

/* Begin PBXFrameworksBuildPhase section */
		CF6247682C04DD400077E716 /* Frameworks */ = {
			isa = PBXFrameworksBuildPhase;
			buildActionMask = 2147483647;
			files = (
			);
			runOnlyForDeploymentPostprocessing = 0;
		};
/* End PBXFrameworksBuildPhase section */

/* Begin PBXGroup section */
		CF6247622C04DD400077E716 = {
			isa = PBXGroup;
			children = (
				CF62476D2C04DD400077E716 /* appPickerViewProductos */,
				CF62476C2C04DD400077E716 /* Products */,
			);
			sourceTree = "<group>";
		};
		CF62476C2C04DD400077E716 /* Products */ = {
			isa = PBXGroup;
			children = (
				CF62476B2C04DD400077E716 /* appPickerViewProductos.app */,
			);
			name = Products;
			sourceTree = "<group>";
		};
		CF62476D2C04DD400077E716 /* appPickerViewProductos */ = {
			isa = PBXGroup;
			children = (
				CF6247872C04E46B0077E716 /* BICI_1.jpg */,
				CF6247882C04E46B0077E716 /* BICI_2.png */,
				CF62478A2C04E46B0077E716 /* bici1.jpg */,
				CF6247842C04E46B0077E716 /* camioneta1.jpg */,
				CF57AB9A2C06308700480B0A /* BICI_1_copy.png */,
				CF62478B2C04E46B0077E716 /* camioneta11.jpg */,
				CF6247852C04E46B0077E716 /* carro1.jpg */,
				CF6247832C04E46B0077E716 /* carro11.png */,
				CF6247892C04E46B0077E716 /* moto1.png */,
				CF62476E2C04DD400077E716 /* AppDelegate.swift */,
				CF6247702C04DD400077E716 /* SceneDelegate.swift */,
				CF6247722C04DD400077E716 /* ViewController.swift */,
				CF6247742C04DD400077E716 /* Main.storyboard */,
				CF6247772C04DD420077E716 /* Assets.xcassets */,
				CF6247792C04DD420077E716 /* LaunchScreen.storyboard */,
				CF62477C2C04DD420077E716 /* Info.plist */,
			);
			path = appPickerViewProductos;
			sourceTree = "<group>";
		};
/* End PBXGroup section */

/* Begin PBXNativeTarget section */
		CF62476A2C04DD400077E716 /* appPickerViewProductos */ = {
			isa = PBXNativeTarget;
			buildConfigurationList = CF62477F2C04DD420077E716 /* Build configuration list for PBXNativeTarget "appPickerViewProductos" */;
			buildPhases = (
				CF6247672C04DD400077E716 /* Sources */,
				CF6247682C04DD400077E716 /* Frameworks */,
				CF6247692C04DD400077E716 /* Resources */,
			);
			buildRules = (
			);
			dependencies = (
			);
			name = appPickerViewProductos;
			productName = appPickerViewProductos;
			productReference = CF62476B2C04DD400077E716 /* appPickerViewProductos.app */;
			productType = "com.apple.product-type.application";
		};
/* End PBXNativeTarget section */

/* Begin PBXProject section */
		CF6247632C04DD400077E716 /* Project object */ = {
			isa = PBXProject;
			attributes = {
				LastSwiftUpdateCheck = 1240;
				LastUpgradeCheck = 1240;
				TargetAttributes = {
					CF62476A2C04DD400077E716 = {
						CreatedOnToolsVersion = 12.4;
					};
				};
			};
			buildConfigurationList = CF6247662C04DD400077E716 /* Build configuration list for PBXProject "appPickerViewProductos" */;
			compatibilityVersion = "Xcode 9.3";
			developmentRegion = en;
			hasScannedForEncodings = 0;
			knownRegions = (
				en,
				Base,
			);
			mainGroup = CF6247622C04DD400077E716;
			productRefGroup = CF62476C2C04DD400077E716 /* Products */;
			projectDirPath = "";
			projectRoot = "";
			targets = (
				CF62476A2C04DD400077E716 /* appPickerViewProductos */,
			);
		};
/* End PBXProject section */

/* Begin PBXResourcesBuildPhase section */
		CF6247692C04DD400077E716 /* Resources */ = {
			isa = PBXResourcesBuildPhase;
			buildActionMask = 2147483647;
			files = (
				CF6247922C04E46C0077E716 /* moto1.png in Resources */,
				CF6247942C04E46C0077E716 /* camioneta11.jpg in Resources */,
				CF6247902C04E46B0077E716 /* BICI_1.jpg in Resources */,
				CF6247912C04E46C0077E716 /* BICI_2.png in Resources */,
				CF62477B2C04DD420077E716 /* LaunchScreen.storyboard in Resources */,
				CF6247782C04DD420077E716 /* Assets.xcassets in Resources */,
				CF6247932C04E46C0077E716 /* bici1.jpg in Resources */,
				CF57AB9B2C06308700480B0A /* BICI_1_copy.png in Resources */,
				CF62478D2C04E46B0077E716 /* camioneta1.jpg in Resources */,
				CF6247762C04DD400077E716 /* Main.storyboard in Resources */,
				CF62478C2C04E46B0077E716 /* carro11.png in Resources */,
				CF62478E2C04E46B0077E716 /* carro1.jpg in Resources */,
			);
			runOnlyForDeploymentPostprocessing = 0;
		};
/* End PBXResourcesBuildPhase section */

/* Begin PBXSourcesBuildPhase section */
		CF6247672C04DD400077E716 /* Sources */ = {
			isa = PBXSourcesBuildPhase;
			buildActionMask = 2147483647;
			files = (
				CF6247732C04DD400077E716 /* ViewController.swift in Sources */,
				CF62476F2C04DD400077E716 /* AppDelegate.swift in Sources */,
				CF6247712C04DD400077E716 /* SceneDelegate.swift in Sources */,
			);
			runOnlyForDeploymentPostprocessing = 0;
		};
/* End PBXSourcesBuildPhase section */

/* Begin PBXVariantGroup section */
		CF6247742C04DD400077E716 /* Main.storyboard */ = {
			isa = PBXVariantGroup;
			children = (
				CF6247752C04DD400077E716 /* Base */,
			);
			name = Main.storyboard;
			sourceTree = "<group>";
		};
		CF6247792C04DD420077E716 /* LaunchScreen.storyboard */ = {
			isa = PBXVariantGroup;
			children = (
				CF62477A2C04DD420077E716 /* Base */,
			);
			name = LaunchScreen.storyboard;
			sourceTree = "<group>";
		};
/* End PBXVariantGroup section */

/* Begin XCBuildConfiguration section */
		CF62477D2C04DD420077E716 /* Debug */ = {
			isa = XCBuildConfiguration;
			buildSettings = {
				ALWAYS_SEARCH_USER_PATHS = NO;
				CLANG_ANALYZER_NONNULL = YES;
				CLANG_ANALYZER_NUMBER_OBJECT_CONVERSION = YES_AGGRESSIVE;
				CLANG_CXX_LANGUAGE_STANDARD = "gnu++14";
				CLANG_CXX_LIBRARY = "libc++";
				CLANG_ENABLE_MODULES = YES;
				CLANG_ENABLE_OBJC_ARC = YES;
				CLANG_ENABLE_OBJC_WEAK = YES;
				CLANG_WARN_BLOCK_CAPTURE_AUTORELEASING = YES;
				CLANG_WARN_BOOL_CONVERSION = YES;
				CLANG_WARN_COMMA = YES;
				CLANG_WARN_CONSTANT_CONVERSION = YES;
				CLANG_WARN_DEPRECATED_OBJC_IMPLEMENTATIONS = YES;
				CLANG_WARN_DIRECT_OBJC_ISA_USAGE = YES_ERROR;
				CLANG_WARN_DOCUMENTATION_COMMENTS = YES;
				CLANG_WARN_EMPTY_BODY = YES;
				CLANG_WARN_ENUM_CONVERSION = YES;
				CLANG_WARN_INFINITE_RECURSION = YES;
				CLANG_WARN_INT_CONVERSION = YES;
				CLANG_WARN_NON_LITERAL_NULL_CONVERSION = YES;
				CLANG_WARN_OBJC_IMPLICIT_RETAIN_SELF = YES;
				CLANG_WARN_OBJC_LITERAL_CONVERSION = YES;
				CLANG_WARN_OBJC_ROOT_CLASS = YES_ERROR;
				CLANG_WARN_QUOTED_INCLUDE_IN_FRAMEWORK_HEADER = YES;
				CLANG_WARN_RANGE_LOOP_ANALYSIS = YES;
				CLANG_WARN_STRICT_PROTOTYPES = YES;
				CLANG_WARN_SUSPICIOUS_MOVE = YES;
				CLANG_WARN_UNGUARDED_AVAILABILITY = YES_AGGRESSIVE;
				CLANG_WARN_UNREACHABLE_CODE = YES;
				CLANG_WARN__DUPLICATE_METHOD_MATCH = YES;
				COPY_PHASE_STRIP = NO;
				DEBUG_INFORMATION_FORMAT = dwarf;
				ENABLE_STRICT_OBJC_MSGSEND = YES;
				ENABLE_TESTABILITY = YES;
				GCC_C_LANGUAGE_STANDARD = gnu11;
				GCC_DYNAMIC_NO_PIC = NO;
				GCC_NO_COMMON_BLOCKS = YES;
				GCC_OPTIMIZATION_LEVEL = 0;
				GCC_PREPROCESSOR_DEFINITIONS = (
					"DEBUG=1",
					"$(inherited)",
				);
				GCC_WARN_64_TO_32_BIT_CONVERSION = YES;
				GCC_WARN_ABOUT_RETURN_TYPE = YES_ERROR;
				GCC_WARN_UNDECLARED_SELECTOR = YES;
				GCC_WARN_UNINITIALIZED_AUTOS = YES_AGGRESSIVE;
				GCC_WARN_UNUSED_FUNCTION = YES;
				GCC_WARN_UNUSED_VARIABLE = YES;
				IPHONEOS_DEPLOYMENT_TARGET = 14.4;
				MTL_ENABLE_DEBUG_INFO = INCLUDE_SOURCE;
				MTL_FAST_MATH = YES;
				ONLY_ACTIVE_ARCH = YES;
				SDKROOT = iphoneos;
				SWIFT_ACTIVE_COMPILATION_CONDITIONS = DEBUG;
				SWIFT_OPTIMIZATION_LEVEL = "-Onone";
			};
			name = Debug;
		};
		CF62477E2C04DD420077E716 /* Release */ = {
			isa = XCBuildConfiguration;
			buildSettings = {
				ALWAYS_SEARCH_USER_PATHS = NO;
				CLANG_ANALYZER_NONNULL = YES;
				CLANG_ANALYZER_NUMBER_OBJECT_CONVERSION = YES_AGGRESSIVE;
				CLANG_CXX_LANGUAGE_STANDARD = "gnu++14";
				CLANG_CXX_LIBRARY = "libc++";
				CLANG_ENABLE_MODULES = YES;
				CLANG_ENABLE_OBJC_ARC = YES;
				CLANG_ENABLE_OBJC_WEAK = YES;
				CLANG_WARN_BLOCK_CAPTURE_AUTORELEASING = YES;
				CLANG_WARN_BOOL_CONVERSION = YES;
				CLANG_WARN_COMMA = YES;
				CLANG_WARN_CONSTANT_CONVERSION = YES;
				CLANG_WARN_DEPRECATED_OBJC_IMPLEMENTATIONS = YES;
				CLANG_WARN_DIRECT_OBJC_ISA_USAGE = YES_ERROR;
				CLANG_WARN_DOCUMENTATION_COMMENTS = YES;
				CLANG_WARN_EMPTY_BODY = YES;
				CLANG_WARN_ENUM_CONVERSION = YES;
				CLANG_WARN_INFINITE_RECURSION = YES;
				CLANG_WARN_INT_CONVERSION = YES;
				CLANG_WARN_NON_LITERAL_NULL_CONVERSION = YES;
				CLANG_WARN_OBJC_IMPLICIT_RETAIN_SELF = YES;
				CLANG_WARN_OBJC_LITERAL_CONVERSION = YES;
				CLANG_WARN_OBJC_ROOT_CLASS = YES_ERROR;
				CLANG_WARN_QUOTED_INCLUDE_IN_FRAMEWORK_HEADER = YES;
				CLANG_WARN_RANGE_LOOP_ANALYSIS = YES;
				CLANG_WARN_STRICT_PROTOTYPES = YES;
				CLANG_WARN_SUSPICIOUS_MOVE = YES;
				CLANG_WARN_UNGUARDED_AVAILABILITY = YES_AGGRESSIVE;
				CLANG_WARN_UNREACHABLE_CODE = YES;
				CLANG_WARN__DUPLICATE_METHOD_MATCH = YES;
				COPY_PHASE_STRIP = NO;
				DEBUG_INFORMATION_FORMAT = "dwarf-with-dsym";
				ENABLE_NS_ASSERTIONS = NO;
				ENABLE_STRICT_OBJC_MSGSEND = YES;
				GCC_C_LANGUAGE_STANDARD = gnu11;
				GCC_NO_COMMON_BLOCKS = YES;
				GCC_WARN_64_TO_32_BIT_CONVERSION = YES;
				GCC_WARN_ABOUT_RETURN_TYPE = YES_ERROR;
				GCC_WARN_UNDECLARED_SELECTOR = YES;
				GCC_WARN_UNINITIALIZED_AUTOS = YES_AGGRESSIVE;
				GCC_WARN_UNUSED_FUNCTION = YES;
				GCC_WARN_UNUSED_VARIABLE = YES;
				IPHONEOS_DEPLOYMENT_TARGET = 14.4;
				MTL_ENABLE_DEBUG_INFO = NO;
				MTL_FAST_MATH = YES;
				SDKROOT = iphoneos;
				SWIFT_COMPILATION_MODE = wholemodule;
				SWIFT_OPTIMIZATION_LEVEL = "-O";
				VALIDATE_PRODUCT = YES;
			};
			name = Release;
		};
		CF6247802C04DD420077E716 /* Debug */ = {
			isa = XCBuildConfiguration;
			buildSettings = {
				ASSETCATALOG_COMPILER_APPICON_NAME = AppIcon;
				ASSETCATALOG_COMPILER_GLOBAL_ACCENT_COLOR_NAME = AccentColor;
				CODE_SIGN_STYLE = Automatic;
				DEVELOPMENT_TEAM = 3M6X6879RS;
				INFOPLIST_FILE = appPickerViewProductos/Info.plist;
				LD_RUNPATH_SEARCH_PATHS = (
					"$(inherited)",
					"@executable_path/Frameworks",
				);
				PRODUCT_BUNDLE_IDENTIFIER = jorgec.appPickerViewProductos;
				PRODUCT_NAME = "$(TARGET_NAME)";
				SWIFT_VERSION = 5.0;
				TARGETED_DEVICE_FAMILY = "1,2";
			};
			name = Debug;
		};
		CF6247812C04DD420077E716 /* Release */ = {
			isa = XCBuildConfiguration;
			buildSettings = {
				ASSETCATALOG_COMPILER_APPICON_NAME = AppIcon;
				ASSETCATALOG_COMPILER_GLOBAL_ACCENT_COLOR_NAME = AccentColor;
				CODE_SIGN_STYLE = Automatic;
				DEVELOPMENT_TEAM = 3M6X6879RS;
				INFOPLIST_FILE = appPickerViewProductos/Info.plist;
				LD_RUNPATH_SEARCH_PATHS = (
					"$(inherited)",
					"@executable_path/Frameworks",
				);
				PRODUCT_BUNDLE_IDENTIFIER = jorgec.appPickerViewProductos;
				PRODUCT_NAME = "$(TARGET_NAME)";
				SWIFT_VERSION = 5.0;
				TARGETED_DEVICE_FAMILY = "1,2";
			};
			name = Release;
		};
/* End XCBuildConfiguration section */

/* Begin XCConfigurationList section */
		CF6247662C04DD400077E716 /* Build configuration list for PBXProject "appPickerViewProductos" */ = {
			isa = XCConfigurationList;
			buildConfigurations = (
				CF62477D2C04DD420077E716 /* Debug */,
				CF62477E2C04DD420077E716 /* Release */,
			);
			defaultConfigurationIsVisible = 0;
			defaultConfigurationName = Release;
		};
		CF62477F2C04DD420077E716 /* Build configuration list for PBXNativeTarget "appPickerViewProductos" */ = {
			isa = XCConfigurationList;
			buildConfigurations = (
				CF6247802C04DD420077E716 /* Debug */,
				CF6247812C04DD420077E716 /* Release */,
			);
			defaultConfigurationIsVisible = 0;
			defaultConfigurationName = Release;
		};
/* End XCConfigurationList section */
	};
	rootObject = CF6247632C04DD400077E716 /* Project object */;
}
