// !$*UTF8*$!
{
	archiveVersion = 1;
	classes = {
	};
	objectVersion = 50;
	objects = {

/* Begin PBXBuildFile section */
		CF574BB52BF6613B00F9CF64 /* AppDelegate.m in Sources */ = {isa = PBXBuildFile; fileRef = CF574BB42BF6613B00F9CF64 /* AppDelegate.m */; };
		CF574BB82BF6613B00F9CF64 /* SceneDelegate.m in Sources */ = {isa = PBXBuildFile; fileRef = CF574BB72BF6613B00F9CF64 /* SceneDelegate.m */; };
		CF574BBB2BF6613B00F9CF64 /* ViewController.m in Sources */ = {isa = PBXBuildFile; fileRef = CF574BBA2BF6613B00F9CF64 /* ViewController.m */; };
		CF574BBE2BF6613B00F9CF64 /* Main.storyboard in Resources */ = {isa = PBXBuildFile; fileRef = CF574BBC2BF6613B00F9CF64 /* Main.storyboard */; };
		CF574BC02BF6613C00F9CF64 /* Assets.xcassets in Resources */ = {isa = PBXBuildFile; fileRef = CF574BBF2BF6613C00F9CF64 /* Assets.xcassets */; };
		CF574BC32BF6613C00F9CF64 /* LaunchScreen.storyboard in Resources */ = {isa = PBXBuildFile; fileRef = CF574BC12BF6613C00F9CF64 /* LaunchScreen.storyboard */; };
		CF574BC62BF6613C00F9CF64 /* main.m in Sources */ = {isa = PBXBuildFile; fileRef = CF574BC52BF6613C00F9CF64 /* main.m */; };
		CF574BD02BF6613C00F9CF64 /* appDibujarEnVistaTests.m in Sources */ = {isa = PBXBuildFile; fileRef = CF574BCF2BF6613C00F9CF64 /* appDibujarEnVistaTests.m */; };
		CF574BDB2BF6613C00F9CF64 /* appDibujarEnVistaUITests.m in Sources */ = {isa = PBXBuildFile; fileRef = CF574BDA2BF6613C00F9CF64 /* appDibujarEnVistaUITests.m */; };
		CF574BED2BF6617000F9CF64 /* DibujarConTouch.m in Sources */ = {isa = PBXBuildFile; fileRef = CF574BEC2BF6617000F9CF64 /* DibujarConTouch.m */; };
/* End PBXBuildFile section */

/* Begin PBXContainerItemProxy section */
		CF574BCC2BF6613C00F9CF64 /* PBXContainerItemProxy */ = {
			isa = PBXContainerItemProxy;
			containerPortal = CF574BA82BF6613B00F9CF64 /* Project object */;
			proxyType = 1;
			remoteGlobalIDString = CF574BAF2BF6613B00F9CF64;
			remoteInfo = appDibujarEnVista;
		};
		CF574BD72BF6613C00F9CF64 /* PBXContainerItemProxy */ = {
			isa = PBXContainerItemProxy;
			containerPortal = CF574BA82BF6613B00F9CF64 /* Project object */;
			proxyType = 1;
			remoteGlobalIDString = CF574BAF2BF6613B00F9CF64;
			remoteInfo = appDibujarEnVista;
		};
/* End PBXContainerItemProxy section */

/* Begin PBXFileReference section */
		CF574BB02BF6613B00F9CF64 /* appDibujarEnVista.app */ = {isa = PBXFileReference; explicitFileType = wrapper.application; includeInIndex = 0; path = appDibujarEnVista.app; sourceTree = BUILT_PRODUCTS_DIR; };
		CF574BB32BF6613B00F9CF64 /* AppDelegate.h */ = {isa = PBXFileReference; lastKnownFileType = sourcecode.c.h; path = AppDelegate.h; sourceTree = "<group>"; };
		CF574BB42BF6613B00F9CF64 /* AppDelegate.m */ = {isa = PBXFileReference; lastKnownFileType = sourcecode.c.objc; path = AppDelegate.m; sourceTree = "<group>"; };
		CF574BB62BF6613B00F9CF64 /* SceneDelegate.h */ = {isa = PBXFileReference; lastKnownFileType = sourcecode.c.h; path = SceneDelegate.h; sourceTree = "<group>"; };
		CF574BB72BF6613B00F9CF64 /* SceneDelegate.m */ = {isa = PBXFileReference; lastKnownFileType = sourcecode.c.objc; path = SceneDelegate.m; sourceTree = "<group>"; };
		CF574BB92BF6613B00F9CF64 /* ViewController.h */ = {isa = PBXFileReference; lastKnownFileType = sourcecode.c.h; path = ViewController.h; sourceTree = "<group>"; };
		CF574BBA2BF6613B00F9CF64 /* ViewController.m */ = {isa = PBXFileReference; lastKnownFileType = sourcecode.c.objc; path = ViewController.m; sourceTree = "<group>"; };
		CF574BBD2BF6613B00F9CF64 /* Base */ = {isa = PBXFileReference; lastKnownFileType = file.storyboard; name = Base; path = Base.lproj/Main.storyboard; sourceTree = "<group>"; };
		CF574BBF2BF6613C00F9CF64 /* Assets.xcassets */ = {isa = PBXFileReference; lastKnownFileType = folder.assetcatalog; path = Assets.xcassets; sourceTree = "<group>"; };
		CF574BC22BF6613C00F9CF64 /* Base */ = {isa = PBXFileReference; lastKnownFileType = file.storyboard; name = Base; path = Base.lproj/LaunchScreen.storyboard; sourceTree = "<group>"; };
		CF574BC42BF6613C00F9CF64 /* Info.plist */ = {isa = PBXFileReference; lastKnownFileType = text.plist.xml; path = Info.plist; sourceTree = "<group>"; };
		CF574BC52BF6613C00F9CF64 /* main.m */ = {isa = PBXFileReference; lastKnownFileType = sourcecode.c.objc; path = main.m; sourceTree = "<group>"; };
		CF574BCB2BF6613C00F9CF64 /* appDibujarEnVistaTests.xctest */ = {isa = PBXFileReference; explicitFileType = wrapper.cfbundle; includeInIndex = 0; path = appDibujarEnVistaTests.xctest; sourceTree = BUILT_PRODUCTS_DIR; };
		CF574BCF2BF6613C00F9CF64 /* appDibujarEnVistaTests.m */ = {isa = PBXFileReference; lastKnownFileType = sourcecode.c.objc; path = appDibujarEnVistaTests.m; sourceTree = "<group>"; };
		CF574BD12BF6613C00F9CF64 /* Info.plist */ = {isa = PBXFileReference; lastKnownFileType = text.plist.xml; path = Info.plist; sourceTree = "<group>"; };
		CF574BD62BF6613C00F9CF64 /* appDibujarEnVistaUITests.xctest */ = {isa = PBXFileReference; explicitFileType = wrapper.cfbundle; includeInIndex = 0; path = appDibujarEnVistaUITests.xctest; sourceTree = BUILT_PRODUCTS_DIR; };
		CF574BDA2BF6613C00F9CF64 /* appDibujarEnVistaUITests.m */ = {isa = PBXFileReference; lastKnownFileType = sourcecode.c.objc; path = appDibujarEnVistaUITests.m; sourceTree = "<group>"; };
		CF574BDC2BF6613C00F9CF64 /* Info.plist */ = {isa = PBXFileReference; lastKnownFileType = text.plist.xml; path = Info.plist; sourceTree = "<group>"; };
		CF574BEB2BF6617000F9CF64 /* DibujarConTouch.h */ = {isa = PBXFileReference; lastKnownFileType = sourcecode.c.h; path = DibujarConTouch.h; sourceTree = "<group>"; };
		CF574BEC2BF6617000F9CF64 /* DibujarConTouch.m */ = {isa = PBXFileReference; lastKnownFileType = sourcecode.c.objc; path = DibujarConTouch.m; sourceTree = "<group>"; };
/* End PBXFileReference section */

/* Begin PBXFrameworksBuildPhase section */
		CF574BAD2BF6613B00F9CF64 /* Frameworks */ = {
			isa = PBXFrameworksBuildPhase;
			buildActionMask = 2147483647;
			files = (
			);
			runOnlyForDeploymentPostprocessing = 0;
		};
		CF574BC82BF6613C00F9CF64 /* Frameworks */ = {
			isa = PBXFrameworksBuildPhase;
			buildActionMask = 2147483647;
			files = (
			);
			runOnlyForDeploymentPostprocessing = 0;
		};
		CF574BD32BF6613C00F9CF64 /* Frameworks */ = {
			isa = PBXFrameworksBuildPhase;
			buildActionMask = 2147483647;
			files = (
			);
			runOnlyForDeploymentPostprocessing = 0;
		};
/* End PBXFrameworksBuildPhase section */

/* Begin PBXGroup section */
		CF574BA72BF6613B00F9CF64 = {
			isa = PBXGroup;
			children = (
				CF574BB22BF6613B00F9CF64 /* appDibujarEnVista */,
				CF574BCE2BF6613C00F9CF64 /* appDibujarEnVistaTests */,
				CF574BD92BF6613C00F9CF64 /* appDibujarEnVistaUITests */,
				CF574BB12BF6613B00F9CF64 /* Products */,
			);
			sourceTree = "<group>";
		};
		CF574BB12BF6613B00F9CF64 /* Products */ = {
			isa = PBXGroup;
			children = (
				CF574BB02BF6613B00F9CF64 /* appDibujarEnVista.app */,
				CF574BCB2BF6613C00F9CF64 /* appDibujarEnVistaTests.xctest */,
				CF574BD62BF6613C00F9CF64 /* appDibujarEnVistaUITests.xctest */,
			);
			name = Products;
			sourceTree = "<group>";
		};
		CF574BB22BF6613B00F9CF64 /* appDibujarEnVista */ = {
			isa = PBXGroup;
			children = (
				CF574BB32BF6613B00F9CF64 /* AppDelegate.h */,
				CF574BB42BF6613B00F9CF64 /* AppDelegate.m */,
				CF574BB62BF6613B00F9CF64 /* SceneDelegate.h */,
				CF574BB72BF6613B00F9CF64 /* SceneDelegate.m */,
				CF574BB92BF6613B00F9CF64 /* ViewController.h */,
				CF574BBA2BF6613B00F9CF64 /* ViewController.m */,
				CF574BBC2BF6613B00F9CF64 /* Main.storyboard */,
				CF574BBF2BF6613C00F9CF64 /* Assets.xcassets */,
				CF574BC12BF6613C00F9CF64 /* LaunchScreen.storyboard */,
				CF574BC42BF6613C00F9CF64 /* Info.plist */,
				CF574BC52BF6613C00F9CF64 /* main.m */,
				CF574BEB2BF6617000F9CF64 /* DibujarConTouch.h */,
				CF574BEC2BF6617000F9CF64 /* DibujarConTouch.m */,
			);
			path = appDibujarEnVista;
			sourceTree = "<group>";
		};
		CF574BCE2BF6613C00F9CF64 /* appDibujarEnVistaTests */ = {
			isa = PBXGroup;
			children = (
				CF574BCF2BF6613C00F9CF64 /* appDibujarEnVistaTests.m */,
				CF574BD12BF6613C00F9CF64 /* Info.plist */,
			);
			path = appDibujarEnVistaTests;
			sourceTree = "<group>";
		};
		CF574BD92BF6613C00F9CF64 /* appDibujarEnVistaUITests */ = {
			isa = PBXGroup;
			children = (
				CF574BDA2BF6613C00F9CF64 /* appDibujarEnVistaUITests.m */,
				CF574BDC2BF6613C00F9CF64 /* Info.plist */,
			);
			path = appDibujarEnVistaUITests;
			sourceTree = "<group>";
		};
/* End PBXGroup section */

/* Begin PBXNativeTarget section */
		CF574BAF2BF6613B00F9CF64 /* appDibujarEnVista */ = {
			isa = PBXNativeTarget;
			buildConfigurationList = CF574BDF2BF6613C00F9CF64 /* Build configuration list for PBXNativeTarget "appDibujarEnVista" */;
			buildPhases = (
				CF574BAC2BF6613B00F9CF64 /* Sources */,
				CF574BAD2BF6613B00F9CF64 /* Frameworks */,
				CF574BAE2BF6613B00F9CF64 /* Resources */,
			);
			buildRules = (
			);
			dependencies = (
			);
			name = appDibujarEnVista;
			productName = appDibujarEnVista;
			productReference = CF574BB02BF6613B00F9CF64 /* appDibujarEnVista.app */;
			productType = "com.apple.product-type.application";
		};
		CF574BCA2BF6613C00F9CF64 /* appDibujarEnVistaTests */ = {
			isa = PBXNativeTarget;
			buildConfigurationList = CF574BE22BF6613C00F9CF64 /* Build configuration list for PBXNativeTarget "appDibujarEnVistaTests" */;
			buildPhases = (
				CF574BC72BF6613C00F9CF64 /* Sources */,
				CF574BC82BF6613C00F9CF64 /* Frameworks */,
				CF574BC92BF6613C00F9CF64 /* Resources */,
			);
			buildRules = (
			);
			dependencies = (
				CF574BCD2BF6613C00F9CF64 /* PBXTargetDependency */,
			);
			name = appDibujarEnVistaTests;
			productName = appDibujarEnVistaTests;
			productReference = CF574BCB2BF6613C00F9CF64 /* appDibujarEnVistaTests.xctest */;
			productType = "com.apple.product-type.bundle.unit-test";
		};
		CF574BD52BF6613C00F9CF64 /* appDibujarEnVistaUITests */ = {
			isa = PBXNativeTarget;
			buildConfigurationList = CF574BE52BF6613C00F9CF64 /* Build configuration list for PBXNativeTarget "appDibujarEnVistaUITests" */;
			buildPhases = (
				CF574BD22BF6613C00F9CF64 /* Sources */,
				CF574BD32BF6613C00F9CF64 /* Frameworks */,
				CF574BD42BF6613C00F9CF64 /* Resources */,
			);
			buildRules = (
			);
			dependencies = (
				CF574BD82BF6613C00F9CF64 /* PBXTargetDependency */,
			);
			name = appDibujarEnVistaUITests;
			productName = appDibujarEnVistaUITests;
			productReference = CF574BD62BF6613C00F9CF64 /* appDibujarEnVistaUITests.xctest */;
			productType = "com.apple.product-type.bundle.ui-testing";
		};
/* End PBXNativeTarget section */

/* Begin PBXProject section */
		CF574BA82BF6613B00F9CF64 /* Project object */ = {
			isa = PBXProject;
			attributes = {
				LastUpgradeCheck = 1240;
				TargetAttributes = {
					CF574BAF2BF6613B00F9CF64 = {
						CreatedOnToolsVersion = 12.4;
					};
					CF574BCA2BF6613C00F9CF64 = {
						CreatedOnToolsVersion = 12.4;
						TestTargetID = CF574BAF2BF6613B00F9CF64;
					};
					CF574BD52BF6613C00F9CF64 = {
						CreatedOnToolsVersion = 12.4;
						TestTargetID = CF574BAF2BF6613B00F9CF64;
					};
				};
			};
			buildConfigurationList = CF574BAB2BF6613B00F9CF64 /* Build configuration list for PBXProject "appDibujarEnVista" */;
			compatibilityVersion = "Xcode 9.3";
			developmentRegion = en;
			hasScannedForEncodings = 0;
			knownRegions = (
				en,
				Base,
			);
			mainGroup = CF574BA72BF6613B00F9CF64;
			productRefGroup = CF574BB12BF6613B00F9CF64 /* Products */;
			projectDirPath = "";
			projectRoot = "";
			targets = (
				CF574BAF2BF6613B00F9CF64 /* appDibujarEnVista */,
				CF574BCA2BF6613C00F9CF64 /* appDibujarEnVistaTests */,
				CF574BD52BF6613C00F9CF64 /* appDibujarEnVistaUITests */,
			);
		};
/* End PBXProject section */

/* Begin PBXResourcesBuildPhase section */
		CF574BAE2BF6613B00F9CF64 /* Resources */ = {
			isa = PBXResourcesBuildPhase;
			buildActionMask = 2147483647;
			files = (
				CF574BC32BF6613C00F9CF64 /* LaunchScreen.storyboard in Resources */,
				CF574BC02BF6613C00F9CF64 /* Assets.xcassets in Resources */,
				CF574BBE2BF6613B00F9CF64 /* Main.storyboard in Resources */,
			);
			runOnlyForDeploymentPostprocessing = 0;
		};
		CF574BC92BF6613C00F9CF64 /* Resources */ = {
			isa = PBXResourcesBuildPhase;
			buildActionMask = 2147483647;
			files = (
			);
			runOnlyForDeploymentPostprocessing = 0;
		};
		CF574BD42BF6613C00F9CF64 /* Resources */ = {
			isa = PBXResourcesBuildPhase;
			buildActionMask = 2147483647;
			files = (
			);
			runOnlyForDeploymentPostprocessing = 0;
		};
/* End PBXResourcesBuildPhase section */

/* Begin PBXSourcesBuildPhase section */
		CF574BAC2BF6613B00F9CF64 /* Sources */ = {
			isa = PBXSourcesBuildPhase;
			buildActionMask = 2147483647;
			files = (
				CF574BBB2BF6613B00F9CF64 /* ViewController.m in Sources */,
				CF574BED2BF6617000F9CF64 /* DibujarConTouch.m in Sources */,
				CF574BB52BF6613B00F9CF64 /* AppDelegate.m in Sources */,
				CF574BC62BF6613C00F9CF64 /* main.m in Sources */,
				CF574BB82BF6613B00F9CF64 /* SceneDelegate.m in Sources */,
			);
			runOnlyForDeploymentPostprocessing = 0;
		};
		CF574BC72BF6613C00F9CF64 /* Sources */ = {
			isa = PBXSourcesBuildPhase;
			buildActionMask = 2147483647;
			files = (
				CF574BD02BF6613C00F9CF64 /* appDibujarEnVistaTests.m in Sources */,
			);
			runOnlyForDeploymentPostprocessing = 0;
		};
		CF574BD22BF6613C00F9CF64 /* Sources */ = {
			isa = PBXSourcesBuildPhase;
			buildActionMask = 2147483647;
			files = (
				CF574BDB2BF6613C00F9CF64 /* appDibujarEnVistaUITests.m in Sources */,
			);
			runOnlyForDeploymentPostprocessing = 0;
		};
/* End PBXSourcesBuildPhase section */

/* Begin PBXTargetDependency section */
		CF574BCD2BF6613C00F9CF64 /* PBXTargetDependency */ = {
			isa = PBXTargetDependency;
			target = CF574BAF2BF6613B00F9CF64 /* appDibujarEnVista */;
			targetProxy = CF574BCC2BF6613C00F9CF64 /* PBXContainerItemProxy */;
		};
		CF574BD82BF6613C00F9CF64 /* PBXTargetDependency */ = {
			isa = PBXTargetDependency;
			target = CF574BAF2BF6613B00F9CF64 /* appDibujarEnVista */;
			targetProxy = CF574BD72BF6613C00F9CF64 /* PBXContainerItemProxy */;
		};
/* End PBXTargetDependency section */

/* Begin PBXVariantGroup section */
		CF574BBC2BF6613B00F9CF64 /* Main.storyboard */ = {
			isa = PBXVariantGroup;
			children = (
				CF574BBD2BF6613B00F9CF64 /* Base */,
			);
			name = Main.storyboard;
			sourceTree = "<group>";
		};
		CF574BC12BF6613C00F9CF64 /* LaunchScreen.storyboard */ = {
			isa = PBXVariantGroup;
			children = (
				CF574BC22BF6613C00F9CF64 /* Base */,
			);
			name = LaunchScreen.storyboard;
			sourceTree = "<group>";
		};
/* End PBXVariantGroup section */

/* Begin XCBuildConfiguration section */
		CF574BDD2BF6613C00F9CF64 /* Debug */ = {
			isa = XCBuildConfiguration;
			buildSettings = {
				ALWAYS_SEARCH_USER_PATHS = NO;
				CLANG_ANALYZER_NONNULL = YES;
				CLANG_ANALYZER_NUMBER_OBJECT_CONVERSION = YES_AGGRESSIVE;
				CLANG_CXX_LANGUAGE_STANDARD = "gnu++14";
				CLANG_CXX_LIBRARY = "libc++";
				CLANG_ENABLE_MODULES = YES;
				CLANG_ENABLE_OBJC_ARC = YES;
				CLANG_ENABLE_OBJC_WEAK = YES;
				CLANG_WARN_BLOCK_CAPTURE_AUTORELEASING = YES;
				CLANG_WARN_BOOL_CONVERSION = YES;
				CLANG_WARN_COMMA = YES;
				CLANG_WARN_CONSTANT_CONVERSION = YES;
				CLANG_WARN_DEPRECATED_OBJC_IMPLEMENTATIONS = YES;
				CLANG_WARN_DIRECT_OBJC_ISA_USAGE = YES_ERROR;
				CLANG_WARN_DOCUMENTATION_COMMENTS = YES;
				CLANG_WARN_EMPTY_BODY = YES;
				CLANG_WARN_ENUM_CONVERSION = YES;
				CLANG_WARN_INFINITE_RECURSION = YES;
				CLANG_WARN_INT_CONVERSION = YES;
				CLANG_WARN_NON_LITERAL_NULL_CONVERSION = YES;
				CLANG_WARN_OBJC_IMPLICIT_RETAIN_SELF = YES;
				CLANG_WARN_OBJC_LITERAL_CONVERSION = YES;
				CLANG_WARN_OBJC_ROOT_CLASS = YES_ERROR;
				CLANG_WARN_QUOTED_INCLUDE_IN_FRAMEWORK_HEADER = YES;
				CLANG_WARN_RANGE_LOOP_ANALYSIS = YES;
				CLANG_WARN_STRICT_PROTOTYPES = YES;
				CLANG_WARN_SUSPICIOUS_MOVE = YES;
				CLANG_WARN_UNGUARDED_AVAILABILITY = YES_AGGRESSIVE;
				CLANG_WARN_UNREACHABLE_CODE = YES;
				CLANG_WARN__DUPLICATE_METHOD_MATCH = YES;
				COPY_PHASE_STRIP = NO;
				DEBUG_INFORMATION_FORMAT = dwarf;
				ENABLE_STRICT_OBJC_MSGSEND = YES;
				ENABLE_TESTABILITY = YES;
				GCC_C_LANGUAGE_STANDARD = gnu11;
				GCC_DYNAMIC_NO_PIC = NO;
				GCC_NO_COMMON_BLOCKS = YES;
				GCC_OPTIMIZATION_LEVEL = 0;
				GCC_PREPROCESSOR_DEFINITIONS = (
					"DEBUG=1",
					"$(inherited)",
				);
				GCC_WARN_64_TO_32_BIT_CONVERSION = YES;
				GCC_WARN_ABOUT_RETURN_TYPE = YES_ERROR;
				GCC_WARN_UNDECLARED_SELECTOR = YES;
				GCC_WARN_UNINITIALIZED_AUTOS = YES_AGGRESSIVE;
				GCC_WARN_UNUSED_FUNCTION = YES;
				GCC_WARN_UNUSED_VARIABLE = YES;
				IPHONEOS_DEPLOYMENT_TARGET = 14.4;
				MTL_ENABLE_DEBUG_INFO = INCLUDE_SOURCE;
				MTL_FAST_MATH = YES;
				ONLY_ACTIVE_ARCH = YES;
				SDKROOT = iphoneos;
			};
			name = Debug;
		};
		CF574BDE2BF6613C00F9CF64 /* Release */ = {
			isa = XCBuildConfiguration;
			buildSettings = {
				ALWAYS_SEARCH_USER_PATHS = NO;
				CLANG_ANALYZER_NONNULL = YES;
				CLANG_ANALYZER_NUMBER_OBJECT_CONVERSION = YES_AGGRESSIVE;
				CLANG_CXX_LANGUAGE_STANDARD = "gnu++14";
				CLANG_CXX_LIBRARY = "libc++";
				CLANG_ENABLE_MODULES = YES;
				CLANG_ENABLE_OBJC_ARC = YES;
				CLANG_ENABLE_OBJC_WEAK = YES;
				CLANG_WARN_BLOCK_CAPTURE_AUTORELEASING = YES;
				CLANG_WARN_BOOL_CONVERSION = YES;
				CLANG_WARN_COMMA = YES;
				CLANG_WARN_CONSTANT_CONVERSION = YES;
				CLANG_WARN_DEPRECATED_OBJC_IMPLEMENTATIONS = YES;
				CLANG_WARN_DIRECT_OBJC_ISA_USAGE = YES_ERROR;
				CLANG_WARN_DOCUMENTATION_COMMENTS = YES;
				CLANG_WARN_EMPTY_BODY = YES;
				CLANG_WARN_ENUM_CONVERSION = YES;
				CLANG_WARN_INFINITE_RECURSION = YES;
				CLANG_WARN_INT_CONVERSION = YES;
				CLANG_WARN_NON_LITERAL_NULL_CONVERSION = YES;
				CLANG_WARN_OBJC_IMPLICIT_RETAIN_SELF = YES;
				CLANG_WARN_OBJC_LITERAL_CONVERSION = YES;
				CLANG_WARN_OBJC_ROOT_CLASS = YES_ERROR;
				CLANG_WARN_QUOTED_INCLUDE_IN_FRAMEWORK_HEADER = YES;
				CLANG_WARN_RANGE_LOOP_ANALYSIS = YES;
				CLANG_WARN_STRICT_PROTOTYPES = YES;
				CLANG_WARN_SUSPICIOUS_MOVE = YES;
				CLANG_WARN_UNGUARDED_AVAILABILITY = YES_AGGRESSIVE;
				CLANG_WARN_UNREACHABLE_CODE = YES;
				CLANG_WARN__DUPLICATE_METHOD_MATCH = YES;
				COPY_PHASE_STRIP = NO;
				DEBUG_INFORMATION_FORMAT = "dwarf-with-dsym";
				ENABLE_NS_ASSERTIONS = NO;
				ENABLE_STRICT_OBJC_MSGSEND = YES;
				GCC_C_LANGUAGE_STANDARD = gnu11;
				GCC_NO_COMMON_BLOCKS = YES;
				GCC_WARN_64_TO_32_BIT_CONVERSION = YES;
				GCC_WARN_ABOUT_RETURN_TYPE = YES_ERROR;
				GCC_WARN_UNDECLARED_SELECTOR = YES;
				GCC_WARN_UNINITIALIZED_AUTOS = YES_AGGRESSIVE;
				GCC_WARN_UNUSED_FUNCTION = YES;
				GCC_WARN_UNUSED_VARIABLE = YES;
				IPHONEOS_DEPLOYMENT_TARGET = 14.4;
				MTL_ENABLE_DEBUG_INFO = NO;
				MTL_FAST_MATH = YES;
				SDKROOT = iphoneos;
				VALIDATE_PRODUCT = YES;
			};
			name = Release;
		};
		CF574BE02BF6613C00F9CF64 /* Debug */ = {
			isa = XCBuildConfiguration;
			buildSettings = {
				ASSETCATALOG_COMPILER_APPICON_NAME = AppIcon;
				ASSETCATALOG_COMPILER_GLOBAL_ACCENT_COLOR_NAME = AccentColor;
				CODE_SIGN_STYLE = Automatic;
				DEVELOPMENT_TEAM = 3M6X6879RS;
				INFOPLIST_FILE = appDibujarEnVista/Info.plist;
				LD_RUNPATH_SEARCH_PATHS = (
					"$(inherited)",
					"@executable_path/Frameworks",
				);
				PRODUCT_BUNDLE_IDENTIFIER = jorgec.appDibujarEnVista;
				PRODUCT_NAME = "$(TARGET_NAME)";
				TARGETED_DEVICE_FAMILY = "1,2";
			};
			name = Debug;
		};
		CF574BE12BF6613C00F9CF64 /* Release */ = {
			isa = XCBuildConfiguration;
			buildSettings = {
				ASSETCATALOG_COMPILER_APPICON_NAME = AppIcon;
				ASSETCATALOG_COMPILER_GLOBAL_ACCENT_COLOR_NAME = AccentColor;
				CODE_SIGN_STYLE = Automatic;
				DEVELOPMENT_TEAM = 3M6X6879RS;
				INFOPLIST_FILE = appDibujarEnVista/Info.plist;
				LD_RUNPATH_SEARCH_PATHS = (
					"$(inherited)",
					"@executable_path/Frameworks",
				);
				PRODUCT_BUNDLE_IDENTIFIER = jorgec.appDibujarEnVista;
				PRODUCT_NAME = "$(TARGET_NAME)";
				TARGETED_DEVICE_FAMILY = "1,2";
			};
			name = Release;
		};
		CF574BE32BF6613C00F9CF64 /* Debug */ = {
			isa = XCBuildConfiguration;
			buildSettings = {
				BUNDLE_LOADER = "$(TEST_HOST)";
				CODE_SIGN_STYLE = Automatic;
				DEVELOPMENT_TEAM = 3M6X6879RS;
				INFOPLIST_FILE = appDibujarEnVistaTests/Info.plist;
				IPHONEOS_DEPLOYMENT_TARGET = 14.4;
				LD_RUNPATH_SEARCH_PATHS = (
					"$(inherited)",
					"@executable_path/Frameworks",
					"@loader_path/Frameworks",
				);
				PRODUCT_BUNDLE_IDENTIFIER = jorgec.appDibujarEnVistaTests;
				PRODUCT_NAME = "$(TARGET_NAME)";
				TARGETED_DEVICE_FAMILY = "1,2";
				TEST_HOST = "$(BUILT_PRODUCTS_DIR)/appDibujarEnVista.app/appDibujarEnVista";
			};
			name = Debug;
		};
		CF574BE42BF6613C00F9CF64 /* Release */ = {
			isa = XCBuildConfiguration;
			buildSettings = {
				BUNDLE_LOADER = "$(TEST_HOST)";
				CODE_SIGN_STYLE = Automatic;
				DEVELOPMENT_TEAM = 3M6X6879RS;
				INFOPLIST_FILE = appDibujarEnVistaTests/Info.plist;
				IPHONEOS_DEPLOYMENT_TARGET = 14.4;
				LD_RUNPATH_SEARCH_PATHS = (
					"$(inherited)",
					"@executable_path/Frameworks",
					"@loader_path/Frameworks",
				);
				PRODUCT_BUNDLE_IDENTIFIER = jorgec.appDibujarEnVistaTests;
				PRODUCT_NAME = "$(TARGET_NAME)";
				TARGETED_DEVICE_FAMILY = "1,2";
				TEST_HOST = "$(BUILT_PRODUCTS_DIR)/appDibujarEnVista.app/appDibujarEnVista";
			};
			name = Release;
		};
		CF574BE62BF6613C00F9CF64 /* Debug */ = {
			isa = XCBuildConfiguration;
			buildSettings = {
				CODE_SIGN_STYLE = Automatic;
				DEVELOPMENT_TEAM = 3M6X6879RS;
				INFOPLIST_FILE = appDibujarEnVistaUITests/Info.plist;
				LD_RUNPATH_SEARCH_PATHS = (
					"$(inherited)",
					"@executable_path/Frameworks",
					"@loader_path/Frameworks",
				);
				PRODUCT_BUNDLE_IDENTIFIER = jorgec.appDibujarEnVistaUITests;
				PRODUCT_NAME = "$(TARGET_NAME)";
				TARGETED_DEVICE_FAMILY = "1,2";
				TEST_TARGET_NAME = appDibujarEnVista;
			};
			name = Debug;
		};
		CF574BE72BF6613C00F9CF64 /* Release */ = {
			isa = XCBuildConfiguration;
			buildSettings = {
				CODE_SIGN_STYLE = Automatic;
				DEVELOPMENT_TEAM = 3M6X6879RS;
				INFOPLIST_FILE = appDibujarEnVistaUITests/Info.plist;
				LD_RUNPATH_SEARCH_PATHS = (
					"$(inherited)",
					"@executable_path/Frameworks",
					"@loader_path/Frameworks",
				);
				PRODUCT_BUNDLE_IDENTIFIER = jorgec.appDibujarEnVistaUITests;
				PRODUCT_NAME = "$(TARGET_NAME)";
				TARGETED_DEVICE_FAMILY = "1,2";
				TEST_TARGET_NAME = appDibujarEnVista;
			};
			name = Release;
		};
/* End XCBuildConfiguration section */

/* Begin XCConfigurationList section */
		CF574BAB2BF6613B00F9CF64 /* Build configuration list for PBXProject "appDibujarEnVista" */ = {
			isa = XCConfigurationList;
			buildConfigurations = (
				CF574BDD2BF6613C00F9CF64 /* Debug */,
				CF574BDE2BF6613C00F9CF64 /* Release */,
			);
			defaultConfigurationIsVisible = 0;
			defaultConfigurationName = Release;
		};
		CF574BDF2BF6613C00F9CF64 /* Build configuration list for PBXNativeTarget "appDibujarEnVista" */ = {
			isa = XCConfigurationList;
			buildConfigurations = (
				CF574BE02BF6613C00F9CF64 /* Debug */,
				CF574BE12BF6613C00F9CF64 /* Release */,
			);
			defaultConfigurationIsVisible = 0;
			defaultConfigurationName = Release;
		};
		CF574BE22BF6613C00F9CF64 /* Build configuration list for PBXNativeTarget "appDibujarEnVistaTests" */ = {
			isa = XCConfigurationList;
			buildConfigurations = (
				CF574BE32BF6613C00F9CF64 /* Debug */,
				CF574BE42BF6613C00F9CF64 /* Release */,
			);
			defaultConfigurationIsVisible = 0;
			defaultConfigurationName = Release;
		};
		CF574BE52BF6613C00F9CF64 /* Build configuration list for PBXNativeTarget "appDibujarEnVistaUITests" */ = {
			isa = XCConfigurationList;
			buildConfigurations = (
				CF574BE62BF6613C00F9CF64 /* Debug */,
				CF574BE72BF6613C00F9CF64 /* Release */,
			);
			defaultConfigurationIsVisible = 0;
			defaultConfigurationName = Release;
		};
/* End XCConfigurationList section */
	};
	rootObject = CF574BA82BF6613B00F9CF64 /* Project object */;
}
